// !$*UTF8*$!
{
	archiveVersion = 1;
	classes = {
	};
	objectVersion = 60;
	objects = {

/* Begin PBXBuildFile section */
		1B5287D4E4C9FEEC72B631CD /* Pods_dxTimeCapsule.framework in Frameworks */ = {isa = PBXBuildFile; fileRef = 29B7158E13240DE5CE715E16 /* Pods_dxTimeCapsule.framework */; };
		1F0854152B8EF4F400711660 /* TestLoginViewController.swift in Sources */ = {isa = PBXBuildFile; fileRef = 1F0854142B8EF4F400711660 /* TestLoginViewController.swift */; };
		1F0854322B8F254B00711660 /* MainCapsuleViewController.swift in Sources */ = {isa = PBXBuildFile; fileRef = 1F0854312B8F254B00711660 /* MainCapsuleViewController.swift */; };
		1F0B91062B901D170022EDD9 /* Etc.swift in Sources */ = {isa = PBXBuildFile; fileRef = 1F0B91052B901D170022EDD9 /* Etc.swift */; };
		1F0B91082B9026020022EDD9 /* UIImageView+RoundImage.swift in Sources */ = {isa = PBXBuildFile; fileRef = 1F0B91072B9026020022EDD9 /* UIImageView+RoundImage.swift */; };
		1F0B91392B9089BB0022EDD9 /* MainTabBarView.swift in Sources */ = {isa = PBXBuildFile; fileRef = 1F0B91382B9089BB0022EDD9 /* MainTabBarView.swift */; };
		1F0D3B2C2B89AA2B00A31E82 /* PhotoUploadViewController.swift in Sources */ = {isa = PBXBuildFile; fileRef = 1F0D3B2B2B89AA2B00A31E82 /* PhotoUploadViewController.swift */; };
		1F1071B52B95CC41009E201A /* Pretendard-Black.otf in Resources */ = {isa = PBXBuildFile; fileRef = 1F1071B42B95CC41009E201A /* Pretendard-Black.otf */; };
		1F1071B72B95CC4A009E201A /* Pretendard-Medium.otf in Resources */ = {isa = PBXBuildFile; fileRef = 1F1071B62B95CC4A009E201A /* Pretendard-Medium.otf */; };
		1F1071B92B95CC67009E201A /* Pretendard-Bold.otf in Resources */ = {isa = PBXBuildFile; fileRef = 1F1071B82B95CC67009E201A /* Pretendard-Bold.otf */; };
		1F16B8242BA9A33A00753F82 /* TermsViewController.swift in Sources */ = {isa = PBXBuildFile; fileRef = 1F16B8232BA9A33A00753F82 /* TermsViewController.swift */; };
		1F16B8262BA9A46500753F82 /* AuthService.swift in Sources */ = {isa = PBXBuildFile; fileRef = 1F16B8252BA9A46500753F82 /* AuthService.swift */; };
		1F16B8292BA9ABE200753F82 /* TimeBoxAnnotation.swift in Sources */ = {isa = PBXBuildFile; fileRef = 1F16B8272BA9ABE200753F82 /* TimeBoxAnnotation.swift */; };
		1F16B82A2BA9ABE200753F82 /* FriendCollectionViewCell.swift in Sources */ = {isa = PBXBuildFile; fileRef = 1F16B8282BA9ABE200753F82 /* FriendCollectionViewCell.swift */; };
		1F16B82C2BA9AC1700753F82 /* CapsuleMapVC+Extensions.swift in Sources */ = {isa = PBXBuildFile; fileRef = 1F16B82B2BA9AC1700753F82 /* CapsuleMapVC+Extensions.swift */; };
		1F2450182B9B4D74002C68BB /* PostWritingViewController.swift in Sources */ = {isa = PBXBuildFile; fileRef = 1F2450172B9B4D74002C68BB /* PostWritingViewController.swift */; };
		1F24501B2B9B4F85002C68BB /* PhotoCell.swift in Sources */ = {isa = PBXBuildFile; fileRef = 1F24501A2B9B4F85002C68BB /* PhotoCell.swift */; };
		1F24501F2B9B82D3002C68BB /* HalfModalPresentationController.swift in Sources */ = {isa = PBXBuildFile; fileRef = 1F24501E2B9B82D3002C68BB /* HalfModalPresentationController.swift */; };
		1F2450242B9BF0A4002C68BB /* DatePickerModalViewController.swift in Sources */ = {isa = PBXBuildFile; fileRef = 1F2450232B9BF0A4002C68BB /* DatePickerModalViewController.swift */; };
		1F367EA62B8F803A00563908 /* UIColor+Hex.swift in Sources */ = {isa = PBXBuildFile; fileRef = 1F367EA52B8F803A00563908 /* UIColor+Hex.swift */; };
		1F52DE1D2B972C9000EE2E1E /* CustomModal.swift in Sources */ = {isa = PBXBuildFile; fileRef = 1F52DE1C2B972C9000EE2E1E /* CustomModal.swift */; };
		1F52F8B62B9CD69F00974F0B /* TagFriendListViewController.swift in Sources */ = {isa = PBXBuildFile; fileRef = 1F52F8B52B9CD69F00974F0B /* TagFriendListViewController.swift */; };
		1F52F8B92B9CDADC00974F0B /* TagFriendListTableCell.swift in Sources */ = {isa = PBXBuildFile; fileRef = 1F52F8B82B9CDADC00974F0B /* TagFriendListTableCell.swift */; };
		1F53E50A2BA20A8C004141C7 /* Button+Custom.swift in Sources */ = {isa = PBXBuildFile; fileRef = 1F53E5092BA20A8C004141C7 /* Button+Custom.swift */; };
		1F53E50D2BA222A2004141C7 /* FriendsPickerView.swift in Sources */ = {isa = PBXBuildFile; fileRef = 1F53E50C2BA222A2004141C7 /* FriendsPickerView.swift */; };
		1F53E5112BA27D5D004141C7 /* UploadPostViewModel.swift in Sources */ = {isa = PBXBuildFile; fileRef = 1F53E5102BA27D5D004141C7 /* UploadPostViewModel.swift */; };
		1F53E5132BA2C35B004141C7 /* SwiftfulLoadingIndicators in Frameworks */ = {isa = PBXBuildFile; productRef = 1F53E5122BA2C35B004141C7 /* SwiftfulLoadingIndicators */; };
		1F53E5162BA2F73A004141C7 /* Color+Extensions.swift in Sources */ = {isa = PBXBuildFile; fileRef = 1F53E5152BA2F73A004141C7 /* Color+Extensions.swift */; };
		1F5786D92B849AF800C40B08 /* AppDelegate.swift in Sources */ = {isa = PBXBuildFile; fileRef = 1F5786D82B849AF800C40B08 /* AppDelegate.swift */; };
		1F5786E52B849AFA00C40B08 /* Assets.xcassets in Resources */ = {isa = PBXBuildFile; fileRef = 1F5786E42B849AFA00C40B08 /* Assets.xcassets */; };
		1F5786E82B849AFA00C40B08 /* LaunchScreen.storyboard in Resources */ = {isa = PBXBuildFile; fileRef = 1F5786E62B849AFA00C40B08 /* LaunchScreen.storyboard */; };
		1F5786F22B849CA900C40B08 /* AuthenticationViewModel.swift in Sources */ = {isa = PBXBuildFile; fileRef = 1F5786F12B849CA900C40B08 /* AuthenticationViewModel.swift */; };
		1F5787132B86DBF900C40B08 /* LoginViewController.swift in Sources */ = {isa = PBXBuildFile; fileRef = 1F5787122B86DBF900C40B08 /* LoginViewController.swift */; };
		1F6426D92BA9A2FE000E463E /* TermsTableViewCell.swift in Sources */ = {isa = PBXBuildFile; fileRef = 1F6426D82BA9A2FE000E463E /* TermsTableViewCell.swift */; };
		1F8EA39A2B944054004856B7 /* UIViewController+Debugging.swift in Sources */ = {isa = PBXBuildFile; fileRef = 1F8EA3992B944054004856B7 /* UIViewController+Debugging.swift */; };
		1F8EA39E2B9538DD004856B7 /* UIFont+CustomFont.swift in Sources */ = {isa = PBXBuildFile; fileRef = 1F8EA39D2B9538DD004856B7 /* UIFont+CustomFont.swift */; };
		1F9DA7AF2B8C922800A74D84 /* SearchUserViewController.swift in Sources */ = {isa = PBXBuildFile; fileRef = 1F9DA7AE2B8C922700A74D84 /* SearchUserViewController.swift */; };
		1F9DA7B12B8C93BD00A74D84 /* SearchUserTableViewCell.swift in Sources */ = {isa = PBXBuildFile; fileRef = 1F9DA7B02B8C93BD00A74D84 /* SearchUserTableViewCell.swift */; };
		1FA11BF22B8F8C440014002F /* UITextField+Padding.swift in Sources */ = {isa = PBXBuildFile; fileRef = 1FA11BF12B8F8C440014002F /* UITextField+Padding.swift */; };
		1FAACDE12B8FAA520005B993 /* UIImage+RoundImage.swift in Sources */ = {isa = PBXBuildFile; fileRef = 1FAACDE02B8FAA520005B993 /* UIImage+RoundImage.swift */; };
		1FAB4DF62B8C48AF0054618A /* FriendsViewModel.swift in Sources */ = {isa = PBXBuildFile; fileRef = 1FAB4DF52B8C48AF0054618A /* FriendsViewModel.swift */; };
		1FAB4DF82B8C49590054618A /* User.swift in Sources */ = {isa = PBXBuildFile; fileRef = 1FAB4DF72B8C49590054618A /* User.swift */; };
		1FB387352B87A0B300054816 /* SignUpViewController.swift in Sources */ = {isa = PBXBuildFile; fileRef = 1FB387342B87A0B300054816 /* SignUpViewController.swift */; };
		1FB387392B8863DE00054816 /* HomeViewController.swift in Sources */ = {isa = PBXBuildFile; fileRef = 1FB387382B8863DE00054816 /* HomeViewController.swift */; };
		1FB3873E2B88791A00054816 /* TimeCapsuleCreationViewModel.swift in Sources */ = {isa = PBXBuildFile; fileRef = 1FB3873D2B88791A00054816 /* TimeCapsuleCreationViewModel.swift */; };
		1FB387402B8881DB00054816 /* TimeBox.swift in Sources */ = {isa = PBXBuildFile; fileRef = 1FB3873F2B8881DB00054816 /* TimeBox.swift */; };
		1FB3F4E92BAB04C10019416B /* MessageModalViewController.swift in Sources */ = {isa = PBXBuildFile; fileRef = 1FB3F4E82BAB04C10019416B /* MessageModalViewController.swift */; };
		1FB791F82BA758F10069563D /* SDWebImage in Frameworks */ = {isa = PBXBuildFile; productRef = 1FB791F72BA758F10069563D /* SDWebImage */; };
		1FB791FA2BA758F10069563D /* SDWebImageMapKit in Frameworks */ = {isa = PBXBuildFile; productRef = 1FB791F92BA758F10069563D /* SDWebImageMapKit */; };
		1FB791FD2BA759060069563D /* FirebaseAnalytics in Frameworks */ = {isa = PBXBuildFile; productRef = 1FB791FC2BA759060069563D /* FirebaseAnalytics */; };
		1FB791FF2BA759060069563D /* FirebaseAnalyticsOnDeviceConversion in Frameworks */ = {isa = PBXBuildFile; productRef = 1FB791FE2BA759060069563D /* FirebaseAnalyticsOnDeviceConversion */; };
		1FB792012BA759060069563D /* FirebaseAnalyticsSwift in Frameworks */ = {isa = PBXBuildFile; productRef = 1FB792002BA759060069563D /* FirebaseAnalyticsSwift */; };
		1FB792032BA759060069563D /* FirebaseAnalyticsWithoutAdIdSupport in Frameworks */ = {isa = PBXBuildFile; productRef = 1FB792022BA759060069563D /* FirebaseAnalyticsWithoutAdIdSupport */; };
		1FB792052BA759060069563D /* FirebaseAppCheck in Frameworks */ = {isa = PBXBuildFile; productRef = 1FB792042BA759060069563D /* FirebaseAppCheck */; };
		1FB792072BA759060069563D /* FirebaseAppDistribution-Beta in Frameworks */ = {isa = PBXBuildFile; productRef = 1FB792062BA759060069563D /* FirebaseAppDistribution-Beta */; };
		1FB792092BA759060069563D /* FirebaseAuth in Frameworks */ = {isa = PBXBuildFile; productRef = 1FB792082BA759060069563D /* FirebaseAuth */; };
		1FB7920B2BA759060069563D /* FirebaseAuthCombine-Community in Frameworks */ = {isa = PBXBuildFile; productRef = 1FB7920A2BA759060069563D /* FirebaseAuthCombine-Community */; };
		1FB7920D2BA759060069563D /* FirebaseCrashlytics in Frameworks */ = {isa = PBXBuildFile; productRef = 1FB7920C2BA759060069563D /* FirebaseCrashlytics */; };
		1FB7920F2BA759060069563D /* FirebaseDatabase in Frameworks */ = {isa = PBXBuildFile; productRef = 1FB7920E2BA759060069563D /* FirebaseDatabase */; };
		1FB792112BA759060069563D /* FirebaseDatabaseSwift in Frameworks */ = {isa = PBXBuildFile; productRef = 1FB792102BA759060069563D /* FirebaseDatabaseSwift */; };
		1FB792132BA759060069563D /* FirebaseDynamicLinks in Frameworks */ = {isa = PBXBuildFile; productRef = 1FB792122BA759060069563D /* FirebaseDynamicLinks */; };
		1FB792152BA759200069563D /* FirebaseFirestore in Frameworks */ = {isa = PBXBuildFile; productRef = 1FB792142BA759200069563D /* FirebaseFirestore */; };
		1FB792172BA759200069563D /* FirebaseFirestoreCombine-Community in Frameworks */ = {isa = PBXBuildFile; productRef = 1FB792162BA759200069563D /* FirebaseFirestoreCombine-Community */; };
		1FB792192BA759200069563D /* FirebaseFirestoreSwift in Frameworks */ = {isa = PBXBuildFile; productRef = 1FB792182BA759200069563D /* FirebaseFirestoreSwift */; };
		1FB7921B2BA759200069563D /* FirebaseFunctions in Frameworks */ = {isa = PBXBuildFile; productRef = 1FB7921A2BA759200069563D /* FirebaseFunctions */; };
		1FB7921D2BA759200069563D /* FirebaseFunctionsCombine-Community in Frameworks */ = {isa = PBXBuildFile; productRef = 1FB7921C2BA759200069563D /* FirebaseFunctionsCombine-Community */; };
		1FB7921F2BA759200069563D /* FirebaseInAppMessaging-Beta in Frameworks */ = {isa = PBXBuildFile; productRef = 1FB7921E2BA759200069563D /* FirebaseInAppMessaging-Beta */; };
		1FB792212BA759200069563D /* FirebaseInAppMessagingSwift-Beta in Frameworks */ = {isa = PBXBuildFile; productRef = 1FB792202BA759200069563D /* FirebaseInAppMessagingSwift-Beta */; };
		1FB792232BA759200069563D /* FirebaseInstallations in Frameworks */ = {isa = PBXBuildFile; productRef = 1FB792222BA759200069563D /* FirebaseInstallations */; };
		1FB792252BA759200069563D /* FirebaseMLModelDownloader in Frameworks */ = {isa = PBXBuildFile; productRef = 1FB792242BA759200069563D /* FirebaseMLModelDownloader */; };
		1FB792272BA759200069563D /* FirebaseMessaging in Frameworks */ = {isa = PBXBuildFile; productRef = 1FB792262BA759200069563D /* FirebaseMessaging */; };
		1FB792292BA759200069563D /* FirebasePerformance in Frameworks */ = {isa = PBXBuildFile; productRef = 1FB792282BA759200069563D /* FirebasePerformance */; };
		1FB7922B2BA759200069563D /* FirebaseRemoteConfig in Frameworks */ = {isa = PBXBuildFile; productRef = 1FB7922A2BA759200069563D /* FirebaseRemoteConfig */; };
		1FB7922D2BA759200069563D /* FirebaseRemoteConfigSwift in Frameworks */ = {isa = PBXBuildFile; productRef = 1FB7922C2BA759200069563D /* FirebaseRemoteConfigSwift */; };
		1FB7922F2BA759200069563D /* FirebaseStorage in Frameworks */ = {isa = PBXBuildFile; productRef = 1FB7922E2BA759200069563D /* FirebaseStorage */; };
		1FB792312BA759200069563D /* FirebaseStorageCombine-Community in Frameworks */ = {isa = PBXBuildFile; productRef = 1FB792302BA759200069563D /* FirebaseStorageCombine-Community */; };
		1FB792342BA759310069563D /* GoogleSignIn in Frameworks */ = {isa = PBXBuildFile; productRef = 1FB792332BA759310069563D /* GoogleSignIn */; };
		1FB792362BA759310069563D /* GoogleSignInSwift in Frameworks */ = {isa = PBXBuildFile; productRef = 1FB792352BA759310069563D /* GoogleSignInSwift */; };
		1FB792392BA76C470069563D /* Kingfisher in Frameworks */ = {isa = PBXBuildFile; productRef = 1FB792382BA76C470069563D /* Kingfisher */; };
		1FBDDF792BA1DA3F00FCDE5A /* PostUploadView.swift in Sources */ = {isa = PBXBuildFile; fileRef = 1FBDDF782BA1DA3F00FCDE5A /* PostUploadView.swift */; };
		1FBDDF7C2BA1DCDB00FCDE5A /* PhotoPicker.swift in Sources */ = {isa = PBXBuildFile; fileRef = 1FBDDF7B2BA1DCDB00FCDE5A /* PhotoPicker.swift */; };
		1FC44EDD2B90C0B3002A75AF /* GoogleService-Info.plist in Resources */ = {isa = PBXBuildFile; fileRef = 1F0854162B8F091500711660 /* GoogleService-Info.plist */; };
		1FC44EF52B90C491002A75AF /* ProximaNova-Semibold.ttf in Resources */ = {isa = PBXBuildFile; fileRef = 1FC44EEE2B90C490002A75AF /* ProximaNova-Semibold.ttf */; };
		1FC44EF62B90C491002A75AF /* ProximaNova-Light.ttf in Resources */ = {isa = PBXBuildFile; fileRef = 1FC44EEF2B90C490002A75AF /* ProximaNova-Light.ttf */; };
		1FC44EF72B90C491002A75AF /* ProximaNova-Black.ttf in Resources */ = {isa = PBXBuildFile; fileRef = 1FC44EF02B90C490002A75AF /* ProximaNova-Black.ttf */; };
		1FC44EF82B90C491002A75AF /* ProximaNovaT-Thin.ttf in Resources */ = {isa = PBXBuildFile; fileRef = 1FC44EF12B90C490002A75AF /* ProximaNovaT-Thin.ttf */; };
		1FC44EF92B90C491002A75AF /* ProximaNova-Regular.ttf in Resources */ = {isa = PBXBuildFile; fileRef = 1FC44EF22B90C491002A75AF /* ProximaNova-Regular.ttf */; };
		1FC44EFA2B90C491002A75AF /* ProximaNova-Bold.ttf in Resources */ = {isa = PBXBuildFile; fileRef = 1FC44EF32B90C491002A75AF /* ProximaNova-Bold.ttf */; };
		1FC44EFB2B90C491002A75AF /* ProximaNova-Extrabld.ttf in Resources */ = {isa = PBXBuildFile; fileRef = 1FC44EF42B90C491002A75AF /* ProximaNova-Extrabld.ttf */; };
		1FC44F042B90C87F002A75AF /* Pretendard-Regular.otf in Resources */ = {isa = PBXBuildFile; fileRef = 1FC44EFE2B90C87E002A75AF /* Pretendard-Regular.otf */; };
		1FC44F052B90C87F002A75AF /* Pretendard-SemiBold.otf in Resources */ = {isa = PBXBuildFile; fileRef = 1FC44F002B90C87E002A75AF /* Pretendard-SemiBold.otf */; };
		1FD2B79C2B96BD7300896F9C /* LocationMapkitViewController.swift in Sources */ = {isa = PBXBuildFile; fileRef = 1FD2B79B2B96BD7300896F9C /* LocationMapkitViewController.swift */; };
		1FD2B7A42B96BEFE00896F9C /* NotificationName+Extension.swift in Sources */ = {isa = PBXBuildFile; fileRef = 1FD2B7A12B96BEFE00896F9C /* NotificationName+Extension.swift */; };
		1FD2B7A52B96BEFE00896F9C /* UIStackView+Extensions.swift in Sources */ = {isa = PBXBuildFile; fileRef = 1FD2B7A22B96BEFE00896F9C /* UIStackView+Extensions.swift */; };
		1FD2B7B42B96BF5C00896F9C /* BottomSheetControllerViewModel.swift in Sources */ = {isa = PBXBuildFile; fileRef = 1FD2B7AE2B96BF5C00896F9C /* BottomSheetControllerViewModel.swift */; };
		1FD2B7BA2B96C04B00896F9C /* HorizontalSearchModel.swift in Sources */ = {isa = PBXBuildFile; fileRef = 1FD2B7B62B96C04B00896F9C /* HorizontalSearchModel.swift */; };
		1FD2B7BB2B96C04B00896F9C /* CarouselButtonModel.swift in Sources */ = {isa = PBXBuildFile; fileRef = 1FD2B7B72B96C04B00896F9C /* CarouselButtonModel.swift */; };
		1FD2B7BC2B96C04B00896F9C /* CustomPresentationDetentsModel.swift in Sources */ = {isa = PBXBuildFile; fileRef = 1FD2B7B82B96C04B00896F9C /* CustomPresentationDetentsModel.swift */; };
		1FD2B7BD2B96C04B00896F9C /* HorizontalSearchTypeModel.swift in Sources */ = {isa = PBXBuildFile; fileRef = 1FD2B7B92B96C04B00896F9C /* HorizontalSearchTypeModel.swift */; };
		1FD2B7BF2B96E55900896F9C /* BottomSheetViewController.swift in Sources */ = {isa = PBXBuildFile; fileRef = 1FD2B7BE2B96E55900896F9C /* BottomSheetViewController.swift */; };
		1FE313AF2B9810CA00E02045 /* LocationHistoryModel.swift in Sources */ = {isa = PBXBuildFile; fileRef = 1FE313AE2B9810CA00E02045 /* LocationHistoryModel.swift */; };
		1FE313B12B98114700E02045 /* LocationHistoryViewModel.swift in Sources */ = {isa = PBXBuildFile; fileRef = 1FE313B02B98114700E02045 /* LocationHistoryViewModel.swift */; };
		1FEE07A32BA8141700B7BDB2 /* FirestoreDataService.swift in Sources */ = {isa = PBXBuildFile; fileRef = 1FEE07A22BA8141700B7BDB2 /* FirestoreDataService.swift */; };
		1FF8691B2B8F4D81007B5112 /* UIButton+Gradient.swift in Sources */ = {isa = PBXBuildFile; fileRef = 1FF8691A2B8F4D81007B5112 /* UIButton+Gradient.swift */; };
		27865AD42B8DFCA900DB8DB6 /* NotificationViewController.swift in Sources */ = {isa = PBXBuildFile; fileRef = 27865AD32B8DFCA900DB8DB6 /* NotificationViewController.swift */; };
		27966F092BA06A41009EC5F3 /* HomeViewControllerModel.swift in Sources */ = {isa = PBXBuildFile; fileRef = 27966F082BA06A41009EC5F3 /* HomeViewControllerModel.swift */; };
		27D241B22B8F33A5000F8F16 /* OpenedTCViewController.swift in Sources */ = {isa = PBXBuildFile; fileRef = 27D241B12B8F33A5000F8F16 /* OpenedTCViewController.swift */; };
		27EA9A922BAB8750009A1D21 /* SignUpOptionViewController.swift in Sources */ = {isa = PBXBuildFile; fileRef = 27EA9A912BAB8750009A1D21 /* SignUpOptionViewController.swift */; };
		27F3827F2B8FA1240005F733 /* NotificationTableViewCell.swift in Sources */ = {isa = PBXBuildFile; fileRef = 27F3827E2B8FA1240005F733 /* NotificationTableViewCell.swift */; };
		27FC12892B9A64B1008CBEB8 /* TimeCapsuleCell.swift in Sources */ = {isa = PBXBuildFile; fileRef = 27FC12882B9A64B1008CBEB8 /* TimeCapsuleCell.swift */; };
		27FC128B2B9A64E5008CBEB8 /* UpcomingTCViewController.swift in Sources */ = {isa = PBXBuildFile; fileRef = 27FC128A2B9A64E5008CBEB8 /* UpcomingTCViewController.swift */; };
		27FD43CC2B9CD8EA00D83B27 /* NewUserViewController.swift in Sources */ = {isa = PBXBuildFile; fileRef = 27FD43CB2B9CD8E900D83B27 /* NewUserViewController.swift */; };
		460FE7672B8A200D00AF8086 /* LockedCapsuleCell.swift in Sources */ = {isa = PBXBuildFile; fileRef = 460FE7662B8A200D00AF8086 /* LockedCapsuleCell.swift */; };
		46EA9BAE2B89A27E00633EC4 /* CapsuleMapViewController.swift in Sources */ = {isa = PBXBuildFile; fileRef = 46EA9BAD2B89A27E00633EC4 /* CapsuleMapViewController.swift */; };
		4E2A09C82B8F755C00911390 /* OpenInteractionViewController.swift in Sources */ = {isa = PBXBuildFile; fileRef = 4E2A09C72B8F755C00911390 /* OpenInteractionViewController.swift */; };
		4E2A09CA2B8F86C600911390 /* FadeInAnimator.swift in Sources */ = {isa = PBXBuildFile; fileRef = 4E2A09C92B8F86C600911390 /* FadeInAnimator.swift */; };
		4E4F6CDB2B99C2B500154ED1 /* OpenCapsuleViewController.swift in Sources */ = {isa = PBXBuildFile; fileRef = 4E4F6CDA2B99C2B500154ED1 /* OpenCapsuleViewController.swift */; };
		4EC308DE2B8A200300EEE54C /* MainCapsuleViewModel.swift in Sources */ = {isa = PBXBuildFile; fileRef = 4EC308DD2B8A200300EEE54C /* MainCapsuleViewModel.swift */; };
		D20CDCCA2B957D5D00B93788 /* SearchUserTableViewController.swift in Sources */ = {isa = PBXBuildFile; fileRef = D20CDCC92B957D5D00B93788 /* SearchUserTableViewController.swift */; };
		D20CDCCD2B959DFE00B93788 /* FriendsRequestViewController.swift in Sources */ = {isa = PBXBuildFile; fileRef = D20CDCCC2B959DFE00B93788 /* FriendsRequestViewController.swift */; };
		D20CDCCF2B96D86100B93788 /* FriendRequestTableViewCell.swift in Sources */ = {isa = PBXBuildFile; fileRef = D20CDCCE2B96D86100B93788 /* FriendRequestTableViewCell.swift */; };
		D22B171F2B973416006CAEA6 /* SceneDelegate.swift in Sources */ = {isa = PBXBuildFile; fileRef = 467D1DE22B972499005249B1 /* SceneDelegate.swift */; };
		D25B20EB2B89CD02006CEED8 /* SplashViewController.swift in Sources */ = {isa = PBXBuildFile; fileRef = D25B20EA2B89CD02006CEED8 /* SplashViewController.swift */; };
		D274E0162B9C243900FAF849 /* TagFriendListTableViewCell.swift in Sources */ = {isa = PBXBuildFile; fileRef = D274E0152B9C243900FAF849 /* TagFriendListTableViewCell.swift */; };
		D274E01E2B9CC69000FAF849 /* FriendsListViewController.swift in Sources */ = {isa = PBXBuildFile; fileRef = D274E01D2B9CC69000FAF849 /* FriendsListViewController.swift */; };
		D274E0202B9CD36500FAF849 /* CapsuleTableViewCell.swift in Sources */ = {isa = PBXBuildFile; fileRef = D274E01F2B9CD36500FAF849 /* CapsuleTableViewCell.swift */; };
		FFC457642B8F0F36000761E9 /* UserProfileViewModel.swift in Sources */ = {isa = PBXBuildFile; fileRef = FFC457632B8F0F36000761E9 /* UserProfileViewModel.swift */; };
		FFC457662B8F0F74000761E9 /* UserProfileViewController.swift in Sources */ = {isa = PBXBuildFile; fileRef = FFC457652B8F0F74000761E9 /* UserProfileViewController.swift */; };
/* End PBXBuildFile section */

/* Begin PBXFileReference section */
		04EFA52A53A71177B62D1D49 /* Pods-dxTimeCapsule.debug.xcconfig */ = {isa = PBXFileReference; includeInIndex = 1; lastKnownFileType = text.xcconfig; name = "Pods-dxTimeCapsule.debug.xcconfig"; path = "Target Support Files/Pods-dxTimeCapsule/Pods-dxTimeCapsule.debug.xcconfig"; sourceTree = "<group>"; };
		1F0854142B8EF4F400711660 /* TestLoginViewController.swift */ = {isa = PBXFileReference; lastKnownFileType = sourcecode.swift; path = TestLoginViewController.swift; sourceTree = "<group>"; };
		1F0854162B8F091500711660 /* GoogleService-Info.plist */ = {isa = PBXFileReference; fileEncoding = 4; lastKnownFileType = text.plist.xml; path = "GoogleService-Info.plist"; sourceTree = "<group>"; };
		1F0854312B8F254B00711660 /* MainCapsuleViewController.swift */ = {isa = PBXFileReference; lastKnownFileType = sourcecode.swift; path = MainCapsuleViewController.swift; sourceTree = "<group>"; };
		1F0B91052B901D170022EDD9 /* Etc.swift */ = {isa = PBXFileReference; lastKnownFileType = sourcecode.swift; path = Etc.swift; sourceTree = "<group>"; };
		1F0B91072B9026020022EDD9 /* UIImageView+RoundImage.swift */ = {isa = PBXFileReference; lastKnownFileType = sourcecode.swift; path = "UIImageView+RoundImage.swift"; sourceTree = "<group>"; };
		1F0B91382B9089BB0022EDD9 /* MainTabBarView.swift */ = {isa = PBXFileReference; lastKnownFileType = sourcecode.swift; path = MainTabBarView.swift; sourceTree = "<group>"; };
		1F0D3B2B2B89AA2B00A31E82 /* PhotoUploadViewController.swift */ = {isa = PBXFileReference; lastKnownFileType = sourcecode.swift; path = PhotoUploadViewController.swift; sourceTree = "<group>"; };
		1F1071B42B95CC41009E201A /* Pretendard-Black.otf */ = {isa = PBXFileReference; lastKnownFileType = file; path = "Pretendard-Black.otf"; sourceTree = "<group>"; };
		1F1071B62B95CC4A009E201A /* Pretendard-Medium.otf */ = {isa = PBXFileReference; lastKnownFileType = file; path = "Pretendard-Medium.otf"; sourceTree = "<group>"; };
		1F1071B82B95CC67009E201A /* Pretendard-Bold.otf */ = {isa = PBXFileReference; lastKnownFileType = file; path = "Pretendard-Bold.otf"; sourceTree = "<group>"; };
		1F16B8232BA9A33A00753F82 /* TermsViewController.swift */ = {isa = PBXFileReference; lastKnownFileType = sourcecode.swift; path = TermsViewController.swift; sourceTree = "<group>"; };
		1F16B8252BA9A46500753F82 /* AuthService.swift */ = {isa = PBXFileReference; fileEncoding = 4; lastKnownFileType = sourcecode.swift; path = AuthService.swift; sourceTree = "<group>"; };
		1F16B8272BA9ABE200753F82 /* TimeBoxAnnotation.swift */ = {isa = PBXFileReference; fileEncoding = 4; lastKnownFileType = sourcecode.swift; path = TimeBoxAnnotation.swift; sourceTree = "<group>"; };
		1F16B8282BA9ABE200753F82 /* FriendCollectionViewCell.swift */ = {isa = PBXFileReference; fileEncoding = 4; lastKnownFileType = sourcecode.swift; path = FriendCollectionViewCell.swift; sourceTree = "<group>"; };
		1F16B82B2BA9AC1700753F82 /* CapsuleMapVC+Extensions.swift */ = {isa = PBXFileReference; fileEncoding = 4; lastKnownFileType = sourcecode.swift; path = "CapsuleMapVC+Extensions.swift"; sourceTree = "<group>"; };
		1F2450172B9B4D74002C68BB /* PostWritingViewController.swift */ = {isa = PBXFileReference; lastKnownFileType = sourcecode.swift; path = PostWritingViewController.swift; sourceTree = "<group>"; };
		1F24501A2B9B4F85002C68BB /* PhotoCell.swift */ = {isa = PBXFileReference; lastKnownFileType = sourcecode.swift; path = PhotoCell.swift; sourceTree = "<group>"; };
		1F24501E2B9B82D3002C68BB /* HalfModalPresentationController.swift */ = {isa = PBXFileReference; lastKnownFileType = sourcecode.swift; path = HalfModalPresentationController.swift; sourceTree = "<group>"; };
		1F2450232B9BF0A4002C68BB /* DatePickerModalViewController.swift */ = {isa = PBXFileReference; lastKnownFileType = sourcecode.swift; path = DatePickerModalViewController.swift; sourceTree = "<group>"; };
		1F367EA52B8F803A00563908 /* UIColor+Hex.swift */ = {isa = PBXFileReference; lastKnownFileType = sourcecode.swift; path = "UIColor+Hex.swift"; sourceTree = "<group>"; };
		1F52DE1C2B972C9000EE2E1E /* CustomModal.swift */ = {isa = PBXFileReference; lastKnownFileType = sourcecode.swift; path = CustomModal.swift; sourceTree = "<group>"; };
		1F52F8B52B9CD69F00974F0B /* TagFriendListViewController.swift */ = {isa = PBXFileReference; lastKnownFileType = sourcecode.swift; path = TagFriendListViewController.swift; sourceTree = "<group>"; };
		1F52F8B82B9CDADC00974F0B /* TagFriendListTableCell.swift */ = {isa = PBXFileReference; lastKnownFileType = sourcecode.swift; path = TagFriendListTableCell.swift; sourceTree = "<group>"; };
		1F53E5092BA20A8C004141C7 /* Button+Custom.swift */ = {isa = PBXFileReference; lastKnownFileType = sourcecode.swift; path = "Button+Custom.swift"; sourceTree = "<group>"; };
		1F53E50C2BA222A2004141C7 /* FriendsPickerView.swift */ = {isa = PBXFileReference; lastKnownFileType = sourcecode.swift; path = FriendsPickerView.swift; sourceTree = "<group>"; };
		1F53E5102BA27D5D004141C7 /* UploadPostViewModel.swift */ = {isa = PBXFileReference; lastKnownFileType = sourcecode.swift; path = UploadPostViewModel.swift; sourceTree = "<group>"; };
		1F53E5152BA2F73A004141C7 /* Color+Extensions.swift */ = {isa = PBXFileReference; lastKnownFileType = sourcecode.swift; path = "Color+Extensions.swift"; sourceTree = "<group>"; };
		1F5786D52B849AF800C40B08 /* dxTimeCapsule.app */ = {isa = PBXFileReference; explicitFileType = wrapper.application; includeInIndex = 0; path = dxTimeCapsule.app; sourceTree = BUILT_PRODUCTS_DIR; };
		1F5786D82B849AF800C40B08 /* AppDelegate.swift */ = {isa = PBXFileReference; lastKnownFileType = sourcecode.swift; path = AppDelegate.swift; sourceTree = "<group>"; };
		1F5786E42B849AFA00C40B08 /* Assets.xcassets */ = {isa = PBXFileReference; lastKnownFileType = folder.assetcatalog; path = Assets.xcassets; sourceTree = "<group>"; };
		1F5786E72B849AFA00C40B08 /* Base */ = {isa = PBXFileReference; lastKnownFileType = file.storyboard; name = Base; path = Base.lproj/LaunchScreen.storyboard; sourceTree = "<group>"; };
		1F5786E92B849AFA00C40B08 /* Info.plist */ = {isa = PBXFileReference; lastKnownFileType = text.plist.xml; path = Info.plist; sourceTree = "<group>"; };
		1F5786F12B849CA900C40B08 /* AuthenticationViewModel.swift */ = {isa = PBXFileReference; lastKnownFileType = sourcecode.swift; path = AuthenticationViewModel.swift; sourceTree = "<group>"; };
		1F5787122B86DBF900C40B08 /* LoginViewController.swift */ = {isa = PBXFileReference; lastKnownFileType = sourcecode.swift; path = LoginViewController.swift; sourceTree = "<group>"; };
		1F6426D82BA9A2FE000E463E /* TermsTableViewCell.swift */ = {isa = PBXFileReference; lastKnownFileType = sourcecode.swift; path = TermsTableViewCell.swift; sourceTree = "<group>"; };
		1F8EA3992B944054004856B7 /* UIViewController+Debugging.swift */ = {isa = PBXFileReference; lastKnownFileType = sourcecode.swift; path = "UIViewController+Debugging.swift"; sourceTree = "<group>"; };
		1F8EA39D2B9538DD004856B7 /* UIFont+CustomFont.swift */ = {isa = PBXFileReference; lastKnownFileType = sourcecode.swift; name = "UIFont+CustomFont.swift"; path = "UIFont/UIFont+CustomFont.swift"; sourceTree = "<group>"; };
		1F9DA7AE2B8C922700A74D84 /* SearchUserViewController.swift */ = {isa = PBXFileReference; lastKnownFileType = sourcecode.swift; path = SearchUserViewController.swift; sourceTree = "<group>"; };
		1F9DA7B02B8C93BD00A74D84 /* SearchUserTableViewCell.swift */ = {isa = PBXFileReference; lastKnownFileType = sourcecode.swift; path = SearchUserTableViewCell.swift; sourceTree = "<group>"; };
		1FA11BF12B8F8C440014002F /* UITextField+Padding.swift */ = {isa = PBXFileReference; lastKnownFileType = sourcecode.swift; path = "UITextField+Padding.swift"; sourceTree = "<group>"; };
		1FAACDE02B8FAA520005B993 /* UIImage+RoundImage.swift */ = {isa = PBXFileReference; lastKnownFileType = sourcecode.swift; path = "UIImage+RoundImage.swift"; sourceTree = "<group>"; };
		1FAB4DF52B8C48AF0054618A /* FriendsViewModel.swift */ = {isa = PBXFileReference; lastKnownFileType = sourcecode.swift; path = FriendsViewModel.swift; sourceTree = "<group>"; };
		1FAB4DF72B8C49590054618A /* User.swift */ = {isa = PBXFileReference; lastKnownFileType = sourcecode.swift; path = User.swift; sourceTree = "<group>"; };
		1FB387342B87A0B300054816 /* SignUpViewController.swift */ = {isa = PBXFileReference; lastKnownFileType = sourcecode.swift; path = SignUpViewController.swift; sourceTree = "<group>"; };
		1FB387382B8863DE00054816 /* HomeViewController.swift */ = {isa = PBXFileReference; lastKnownFileType = sourcecode.swift; path = HomeViewController.swift; sourceTree = "<group>"; };
		1FB3873D2B88791A00054816 /* TimeCapsuleCreationViewModel.swift */ = {isa = PBXFileReference; lastKnownFileType = sourcecode.swift; path = TimeCapsuleCreationViewModel.swift; sourceTree = "<group>"; };
		1FB3873F2B8881DB00054816 /* TimeBox.swift */ = {isa = PBXFileReference; lastKnownFileType = sourcecode.swift; path = TimeBox.swift; sourceTree = "<group>"; };
		1FB3F4E82BAB04C10019416B /* MessageModalViewController.swift */ = {isa = PBXFileReference; fileEncoding = 4; lastKnownFileType = sourcecode.swift; path = MessageModalViewController.swift; sourceTree = "<group>"; };
		1FBDDF782BA1DA3F00FCDE5A /* PostUploadView.swift */ = {isa = PBXFileReference; lastKnownFileType = sourcecode.swift; path = PostUploadView.swift; sourceTree = "<group>"; };
		1FBDDF7B2BA1DCDB00FCDE5A /* PhotoPicker.swift */ = {isa = PBXFileReference; lastKnownFileType = sourcecode.swift; path = PhotoPicker.swift; sourceTree = "<group>"; };
		1FC44EEE2B90C490002A75AF /* ProximaNova-Semibold.ttf */ = {isa = PBXFileReference; lastKnownFileType = file; path = "ProximaNova-Semibold.ttf"; sourceTree = "<group>"; };
		1FC44EEF2B90C490002A75AF /* ProximaNova-Light.ttf */ = {isa = PBXFileReference; lastKnownFileType = file; path = "ProximaNova-Light.ttf"; sourceTree = "<group>"; };
		1FC44EF02B90C490002A75AF /* ProximaNova-Black.ttf */ = {isa = PBXFileReference; lastKnownFileType = file; path = "ProximaNova-Black.ttf"; sourceTree = "<group>"; };
		1FC44EF12B90C490002A75AF /* ProximaNovaT-Thin.ttf */ = {isa = PBXFileReference; lastKnownFileType = file; path = "ProximaNovaT-Thin.ttf"; sourceTree = "<group>"; };
		1FC44EF22B90C491002A75AF /* ProximaNova-Regular.ttf */ = {isa = PBXFileReference; lastKnownFileType = file; path = "ProximaNova-Regular.ttf"; sourceTree = "<group>"; };
		1FC44EF32B90C491002A75AF /* ProximaNova-Bold.ttf */ = {isa = PBXFileReference; lastKnownFileType = file; path = "ProximaNova-Bold.ttf"; sourceTree = "<group>"; };
		1FC44EF42B90C491002A75AF /* ProximaNova-Extrabld.ttf */ = {isa = PBXFileReference; lastKnownFileType = file; path = "ProximaNova-Extrabld.ttf"; sourceTree = "<group>"; };
		1FC44EFE2B90C87E002A75AF /* Pretendard-Regular.otf */ = {isa = PBXFileReference; lastKnownFileType = file; path = "Pretendard-Regular.otf"; sourceTree = "<group>"; };
		1FC44F002B90C87E002A75AF /* Pretendard-SemiBold.otf */ = {isa = PBXFileReference; lastKnownFileType = file; path = "Pretendard-SemiBold.otf"; sourceTree = "<group>"; };
		1FC44F0C2B933568002A75AF /* Firebase-ErrorMessages.json */ = {isa = PBXFileReference; lastKnownFileType = text.json; path = "Firebase-ErrorMessages.json"; sourceTree = "<group>"; };
		1FD2B79B2B96BD7300896F9C /* LocationMapkitViewController.swift */ = {isa = PBXFileReference; lastKnownFileType = sourcecode.swift; path = LocationMapkitViewController.swift; sourceTree = "<group>"; };
		1FD2B7A12B96BEFE00896F9C /* NotificationName+Extension.swift */ = {isa = PBXFileReference; fileEncoding = 4; lastKnownFileType = sourcecode.swift; path = "NotificationName+Extension.swift"; sourceTree = "<group>"; };
		1FD2B7A22B96BEFE00896F9C /* UIStackView+Extensions.swift */ = {isa = PBXFileReference; fileEncoding = 4; lastKnownFileType = sourcecode.swift; path = "UIStackView+Extensions.swift"; sourceTree = "<group>"; };
		1FD2B7AE2B96BF5C00896F9C /* BottomSheetControllerViewModel.swift */ = {isa = PBXFileReference; fileEncoding = 4; lastKnownFileType = sourcecode.swift; path = BottomSheetControllerViewModel.swift; sourceTree = "<group>"; };
		1FD2B7B62B96C04B00896F9C /* HorizontalSearchModel.swift */ = {isa = PBXFileReference; fileEncoding = 4; lastKnownFileType = sourcecode.swift; path = HorizontalSearchModel.swift; sourceTree = "<group>"; };
		1FD2B7B72B96C04B00896F9C /* CarouselButtonModel.swift */ = {isa = PBXFileReference; fileEncoding = 4; lastKnownFileType = sourcecode.swift; path = CarouselButtonModel.swift; sourceTree = "<group>"; };
		1FD2B7B82B96C04B00896F9C /* CustomPresentationDetentsModel.swift */ = {isa = PBXFileReference; fileEncoding = 4; lastKnownFileType = sourcecode.swift; path = CustomPresentationDetentsModel.swift; sourceTree = "<group>"; };
		1FD2B7B92B96C04B00896F9C /* HorizontalSearchTypeModel.swift */ = {isa = PBXFileReference; fileEncoding = 4; lastKnownFileType = sourcecode.swift; path = HorizontalSearchTypeModel.swift; sourceTree = "<group>"; };
		1FD2B7BE2B96E55900896F9C /* BottomSheetViewController.swift */ = {isa = PBXFileReference; lastKnownFileType = sourcecode.swift; path = BottomSheetViewController.swift; sourceTree = "<group>"; };
		1FE313AE2B9810CA00E02045 /* LocationHistoryModel.swift */ = {isa = PBXFileReference; lastKnownFileType = sourcecode.swift; path = LocationHistoryModel.swift; sourceTree = "<group>"; };
		1FE313B02B98114700E02045 /* LocationHistoryViewModel.swift */ = {isa = PBXFileReference; lastKnownFileType = sourcecode.swift; path = LocationHistoryViewModel.swift; sourceTree = "<group>"; };
		1FEE07A22BA8141700B7BDB2 /* FirestoreDataService.swift */ = {isa = PBXFileReference; fileEncoding = 4; lastKnownFileType = sourcecode.swift; path = FirestoreDataService.swift; sourceTree = "<group>"; };
		1FF8691A2B8F4D81007B5112 /* UIButton+Gradient.swift */ = {isa = PBXFileReference; lastKnownFileType = sourcecode.swift; path = "UIButton+Gradient.swift"; sourceTree = "<group>"; };
		27865AD32B8DFCA900DB8DB6 /* NotificationViewController.swift */ = {isa = PBXFileReference; lastKnownFileType = sourcecode.swift; path = NotificationViewController.swift; sourceTree = "<group>"; };
		27966F082BA06A41009EC5F3 /* HomeViewControllerModel.swift */ = {isa = PBXFileReference; lastKnownFileType = sourcecode.swift; path = HomeViewControllerModel.swift; sourceTree = "<group>"; };
		27D241B12B8F33A5000F8F16 /* OpenedTCViewController.swift */ = {isa = PBXFileReference; lastKnownFileType = sourcecode.swift; path = OpenedTCViewController.swift; sourceTree = "<group>"; };
		27EA9A912BAB8750009A1D21 /* SignUpOptionViewController.swift */ = {isa = PBXFileReference; lastKnownFileType = sourcecode.swift; path = SignUpOptionViewController.swift; sourceTree = "<group>"; };
		27F3827E2B8FA1240005F733 /* NotificationTableViewCell.swift */ = {isa = PBXFileReference; lastKnownFileType = sourcecode.swift; path = NotificationTableViewCell.swift; sourceTree = "<group>"; };
		27FC12882B9A64B1008CBEB8 /* TimeCapsuleCell.swift */ = {isa = PBXFileReference; lastKnownFileType = sourcecode.swift; path = TimeCapsuleCell.swift; sourceTree = "<group>"; };
		27FC128A2B9A64E5008CBEB8 /* UpcomingTCViewController.swift */ = {isa = PBXFileReference; lastKnownFileType = sourcecode.swift; path = UpcomingTCViewController.swift; sourceTree = "<group>"; };
		27FD43CB2B9CD8E900D83B27 /* NewUserViewController.swift */ = {isa = PBXFileReference; lastKnownFileType = sourcecode.swift; path = NewUserViewController.swift; sourceTree = "<group>"; };
		29B7158E13240DE5CE715E16 /* Pods_dxTimeCapsule.framework */ = {isa = PBXFileReference; explicitFileType = wrapper.framework; includeInIndex = 0; path = Pods_dxTimeCapsule.framework; sourceTree = BUILT_PRODUCTS_DIR; };
		460FE7662B8A200D00AF8086 /* LockedCapsuleCell.swift */ = {isa = PBXFileReference; lastKnownFileType = sourcecode.swift; path = LockedCapsuleCell.swift; sourceTree = "<group>"; };
		467D1DE22B972499005249B1 /* SceneDelegate.swift */ = {isa = PBXFileReference; fileEncoding = 4; lastKnownFileType = sourcecode.swift; path = SceneDelegate.swift; sourceTree = "<group>"; };
		46B655792B9891FE001EFF23 /* CapsuleAnnotation.swift */ = {isa = PBXFileReference; fileEncoding = 4; lastKnownFileType = sourcecode.swift; path = CapsuleAnnotation.swift; sourceTree = "<group>"; };
		46EA9BAD2B89A27E00633EC4 /* CapsuleMapViewController.swift */ = {isa = PBXFileReference; lastKnownFileType = sourcecode.swift; path = CapsuleMapViewController.swift; sourceTree = "<group>"; };
		4E2A09C72B8F755C00911390 /* OpenInteractionViewController.swift */ = {isa = PBXFileReference; lastKnownFileType = sourcecode.swift; path = OpenInteractionViewController.swift; sourceTree = "<group>"; };
		4E2A09C92B8F86C600911390 /* FadeInAnimator.swift */ = {isa = PBXFileReference; lastKnownFileType = sourcecode.swift; path = FadeInAnimator.swift; sourceTree = "<group>"; };
		4E4F6CDA2B99C2B500154ED1 /* OpenCapsuleViewController.swift */ = {isa = PBXFileReference; lastKnownFileType = sourcecode.swift; path = OpenCapsuleViewController.swift; sourceTree = "<group>"; };
		4EC308DD2B8A200300EEE54C /* MainCapsuleViewModel.swift */ = {isa = PBXFileReference; lastKnownFileType = sourcecode.swift; path = MainCapsuleViewModel.swift; sourceTree = "<group>"; };
		7859F2A46260E2CB7C998936 /* Pods-dxTimeCapsule.release.xcconfig */ = {isa = PBXFileReference; includeInIndex = 1; lastKnownFileType = text.xcconfig; name = "Pods-dxTimeCapsule.release.xcconfig"; path = "Target Support Files/Pods-dxTimeCapsule/Pods-dxTimeCapsule.release.xcconfig"; sourceTree = "<group>"; };
		D20CDCC92B957D5D00B93788 /* SearchUserTableViewController.swift */ = {isa = PBXFileReference; lastKnownFileType = sourcecode.swift; path = SearchUserTableViewController.swift; sourceTree = "<group>"; };
		D20CDCCC2B959DFE00B93788 /* FriendsRequestViewController.swift */ = {isa = PBXFileReference; lastKnownFileType = sourcecode.swift; path = FriendsRequestViewController.swift; sourceTree = "<group>"; };
		D20CDCCE2B96D86100B93788 /* FriendRequestTableViewCell.swift */ = {isa = PBXFileReference; lastKnownFileType = sourcecode.swift; path = FriendRequestTableViewCell.swift; sourceTree = "<group>"; };
		D25B20EA2B89CD02006CEED8 /* SplashViewController.swift */ = {isa = PBXFileReference; lastKnownFileType = sourcecode.swift; path = SplashViewController.swift; sourceTree = "<group>"; };
		D274E0152B9C243900FAF849 /* TagFriendListTableViewCell.swift */ = {isa = PBXFileReference; lastKnownFileType = sourcecode.swift; path = TagFriendListTableViewCell.swift; sourceTree = "<group>"; };
		D274E01D2B9CC69000FAF849 /* FriendsListViewController.swift */ = {isa = PBXFileReference; lastKnownFileType = sourcecode.swift; path = FriendsListViewController.swift; sourceTree = "<group>"; };
		D274E01F2B9CD36500FAF849 /* CapsuleTableViewCell.swift */ = {isa = PBXFileReference; lastKnownFileType = sourcecode.swift; path = CapsuleTableViewCell.swift; sourceTree = "<group>"; };
		FFC457632B8F0F36000761E9 /* UserProfileViewModel.swift */ = {isa = PBXFileReference; lastKnownFileType = sourcecode.swift; path = UserProfileViewModel.swift; sourceTree = "<group>"; };
		FFC457652B8F0F74000761E9 /* UserProfileViewController.swift */ = {isa = PBXFileReference; lastKnownFileType = sourcecode.swift; path = UserProfileViewController.swift; sourceTree = "<group>"; };
/* End PBXFileReference section */

/* Begin PBXFrameworksBuildPhase section */
		1F5786D22B849AF800C40B08 /* Frameworks */ = {
			isa = PBXFrameworksBuildPhase;
			buildActionMask = 2147483647;
			files = (
				1FB792112BA759060069563D /* FirebaseDatabaseSwift in Frameworks */,
				1FB791F82BA758F10069563D /* SDWebImage in Frameworks */,
				1FB792292BA759200069563D /* FirebasePerformance in Frameworks */,
				1FB7922B2BA759200069563D /* FirebaseRemoteConfig in Frameworks */,
				1FB791FF2BA759060069563D /* FirebaseAnalyticsOnDeviceConversion in Frameworks */,
				1FB792232BA759200069563D /* FirebaseInstallations in Frameworks */,
				1FB792172BA759200069563D /* FirebaseFirestoreCombine-Community in Frameworks */,
				1FB792212BA759200069563D /* FirebaseInAppMessagingSwift-Beta in Frameworks */,
				1F53E5132BA2C35B004141C7 /* SwiftfulLoadingIndicators in Frameworks */,
				1FB792252BA759200069563D /* FirebaseMLModelDownloader in Frameworks */,
				1FB792272BA759200069563D /* FirebaseMessaging in Frameworks */,
				1FB792192BA759200069563D /* FirebaseFirestoreSwift in Frameworks */,
				1FB792152BA759200069563D /* FirebaseFirestore in Frameworks */,
				1FB7921B2BA759200069563D /* FirebaseFunctions in Frameworks */,
				1FB792392BA76C470069563D /* Kingfisher in Frameworks */,
				1FB791FA2BA758F10069563D /* SDWebImageMapKit in Frameworks */,
				1FB792012BA759060069563D /* FirebaseAnalyticsSwift in Frameworks */,
				1FB791FD2BA759060069563D /* FirebaseAnalytics in Frameworks */,
				1FB792342BA759310069563D /* GoogleSignIn in Frameworks */,
				1B5287D4E4C9FEEC72B631CD /* Pods_dxTimeCapsule.framework in Frameworks */,
				1FB7920B2BA759060069563D /* FirebaseAuthCombine-Community in Frameworks */,
				1FB792092BA759060069563D /* FirebaseAuth in Frameworks */,
				1FB792362BA759310069563D /* GoogleSignInSwift in Frameworks */,
				1FB7921D2BA759200069563D /* FirebaseFunctionsCombine-Community in Frameworks */,
				1FB7920D2BA759060069563D /* FirebaseCrashlytics in Frameworks */,
				1FB792132BA759060069563D /* FirebaseDynamicLinks in Frameworks */,
				1FB7922F2BA759200069563D /* FirebaseStorage in Frameworks */,
				1FB7921F2BA759200069563D /* FirebaseInAppMessaging-Beta in Frameworks */,
				1FB7922D2BA759200069563D /* FirebaseRemoteConfigSwift in Frameworks */,
				1FB792072BA759060069563D /* FirebaseAppDistribution-Beta in Frameworks */,
				1FB792312BA759200069563D /* FirebaseStorageCombine-Community in Frameworks */,
				1FB792052BA759060069563D /* FirebaseAppCheck in Frameworks */,
				1FB7920F2BA759060069563D /* FirebaseDatabase in Frameworks */,
				1FB792032BA759060069563D /* FirebaseAnalyticsWithoutAdIdSupport in Frameworks */,
			);
			runOnlyForDeploymentPostprocessing = 0;
		};
/* End PBXFrameworksBuildPhase section */

/* Begin PBXGroup section */
		1F1071BA2B95D3E8009E201A /* MapLocation */ = {
			isa = PBXGroup;
			children = (
				1FD2B7A72B96BF4A00896F9C /* BottomSheet */,
				1FD2B79B2B96BD7300896F9C /* LocationMapkitViewController.swift */,
			);
			name = MapLocation;
			sourceTree = "<group>";
		};
		1F16B8222BA9A32000753F82 /* Cell */ = {
			isa = PBXGroup;
			children = (
				1F6426D82BA9A2FE000E463E /* TermsTableViewCell.swift */,
			);
			path = Cell;
			sourceTree = "<group>";
		};
		1F2450192B9B4F7B002C68BB /* Post */ = {
			isa = PBXGroup;
			children = (
				1FBDDF752BA1D8B000FCDE5A /* Modal */,
				1F24501C2B9B5942002C68BB /* Cell */,
				1FBDDF782BA1DA3F00FCDE5A /* PostUploadView.swift */,
				1FBDDF7B2BA1DCDB00FCDE5A /* PhotoPicker.swift */,
				1F53E50C2BA222A2004141C7 /* FriendsPickerView.swift */,
			);
			path = Post;
			sourceTree = "<group>";
		};
		1F24501C2B9B5942002C68BB /* Cell */ = {
			isa = PBXGroup;
			children = (
				1F24501A2B9B4F85002C68BB /* PhotoCell.swift */,
			);
			path = Cell;
			sourceTree = "<group>";
		};
		1F2450202B9B82DD002C68BB /* Modal */ = {
			isa = PBXGroup;
			children = (
				1F24501E2B9B82D3002C68BB /* HalfModalPresentationController.swift */,
			);
			path = Modal;
			sourceTree = "<group>";
		};
		1F43396E2B9ADCEB006D39F5 /* Recovered References */ = {
			isa = PBXGroup;
			children = (
				46B655792B9891FE001EFF23 /* CapsuleAnnotation.swift */,
			);
			name = "Recovered References";
			sourceTree = "<group>";
		};
		1F43397C2B9B4C77006D39F5 /* Services */ = {
			isa = PBXGroup;
			children = (
				1FEE07A22BA8141700B7BDB2 /* FirestoreDataService.swift */,
				1F16B8252BA9A46500753F82 /* AuthService.swift */,
			);
			path = Services;
			sourceTree = "<group>";
		};
		1F53E5082BA20A74004141C7 /* SwiftUI */ = {
			isa = PBXGroup;
			children = (
				1F53E5092BA20A8C004141C7 /* Button+Custom.swift */,
				1F53E5152BA2F73A004141C7 /* Color+Extensions.swift */,
			);
			path = SwiftUI;
			sourceTree = "<group>";
		};
		1F5786CC2B849AF800C40B08 = {
			isa = PBXGroup;
			children = (
				1F5786D72B849AF800C40B08 /* dxTimeCapsule */,
				25AD7CDE47BA0E85739F3959 /* Pods */,
				1F43396E2B9ADCEB006D39F5 /* Recovered References */,
				527B6C3903D561045CAE89FD /* Frameworks */,
			);
			sourceTree = "<group>";
		};
		1F5786D62B849AF800C40B08 /* Products */ = {
			isa = PBXGroup;
			children = (
				1F5786D52B849AF800C40B08 /* dxTimeCapsule.app */,
			);
			name = Products;
			path = ..;
			sourceTree = "<group>";
		};
		1F5786D72B849AF800C40B08 /* dxTimeCapsule */ = {
			isa = PBXGroup;
			children = (
				1F5786F52B849D0D00C40B08 /* Model */,
				1F5786EF2B849C2200C40B08 /* ViewModel */,
				1F5786F02B849C2F00C40B08 /* View */,
				1F43397C2B9B4C77006D39F5 /* Services */,
				1FF869182B8F4D3E007B5112 /* Utilities */,
				1FF868C72B8F4775007B5112 /* Resourses */,
				1F5786D62B849AF800C40B08 /* Products */,
				1F5786D82B849AF800C40B08 /* AppDelegate.swift */,
				467D1DE22B972499005249B1 /* SceneDelegate.swift */,
				1F5786E42B849AFA00C40B08 /* Assets.xcassets */,
				1F5786E62B849AFA00C40B08 /* LaunchScreen.storyboard */,
				1F5786E92B849AFA00C40B08 /* Info.plist */,
				1F0854162B8F091500711660 /* GoogleService-Info.plist */,
			);
			path = dxTimeCapsule;
			sourceTree = "<group>";
		};
		1F5786EF2B849C2200C40B08 /* ViewModel */ = {
			isa = PBXGroup;
			children = (
				1FB3873D2B88791A00054816 /* TimeCapsuleCreationViewModel.swift */,
				4EC308DD2B8A200300EEE54C /* MainCapsuleViewModel.swift */,
				1F5786F12B849CA900C40B08 /* AuthenticationViewModel.swift */,
				1FAB4DF52B8C48AF0054618A /* FriendsViewModel.swift */,
				FFC457632B8F0F36000761E9 /* UserProfileViewModel.swift */,
				1FE313B02B98114700E02045 /* LocationHistoryViewModel.swift */,
				27966F082BA06A41009EC5F3 /* HomeViewControllerModel.swift */,
				1F53E5102BA27D5D004141C7 /* UploadPostViewModel.swift */,
			);
			name = ViewModel;
			sourceTree = "<group>";
		};
		1F5786F02B849C2F00C40B08 /* View */ = {
			isa = PBXGroup;
			children = (
				1F0B91382B9089BB0022EDD9 /* MainTabBarView.swift */,
				1FAB4DEC2B8C29D80054618A /* Authentication */,
				1FC44F0A2B932E9F002A75AF /* Upload */,
				27F382802B8FA1350005F733 /* NotificationView */,
				1F9DA7AD2B8C921900A74D84 /* SearchUser */,
				D20CDCCB2B95979900B93788 /* Alarm */,
				1F722F0D2B938CB500407850 /* SplashVew */,
				27C81E412B8A39E9001E3623 /* HomeView */,
				1FAB4DEE2B8C2B800054618A /* Capsule */,
			);
			name = View;
			sourceTree = "<group>";
		};
		1F5786F52B849D0D00C40B08 /* Model */ = {
			isa = PBXGroup;
			children = (
				1FBDDF762BA1D90200FCDE5A /* Location */,
				1FAB4DF72B8C49590054618A /* User.swift */,
				1FB3873F2B8881DB00054816 /* TimeBox.swift */,
			);
			name = Model;
			sourceTree = "<group>";
		};
		1F5786FA2B84D26000C40B08 /* Legercy */ = {
			isa = PBXGroup;
			children = (
				1F9DA7AE2B8C922700A74D84 /* SearchUserViewController.swift */,
				1F0854142B8EF4F400711660 /* TestLoginViewController.swift */,
				1F0B91052B901D170022EDD9 /* Etc.swift */,
			);
			name = Legercy;
			sourceTree = "<group>";
		};
		1F722F0D2B938CB500407850 /* SplashVew */ = {
			isa = PBXGroup;
			children = (
				D25B20EA2B89CD02006CEED8 /* SplashViewController.swift */,
			);
			name = SplashVew;
			sourceTree = "<group>";
		};
		1F9DA7AD2B8C921900A74D84 /* SearchUser */ = {
			isa = PBXGroup;
			children = (
				D20CDCC92B957D5D00B93788 /* SearchUserTableViewController.swift */,
				1F9DA7B02B8C93BD00A74D84 /* SearchUserTableViewCell.swift */,
			);
			name = SearchUser;
			sourceTree = "<group>";
		};
		1FAB4DEC2B8C29D80054618A /* Authentication */ = {
			isa = PBXGroup;
			children = (
				1F16B8222BA9A32000753F82 /* Cell */,
				1F5787122B86DBF900C40B08 /* LoginViewController.swift */,
				1FB387342B87A0B300054816 /* SignUpViewController.swift */,
				FFC457652B8F0F74000761E9 /* UserProfileViewController.swift */,
				1F16B8232BA9A33A00753F82 /* TermsViewController.swift */,
				27EA9A912BAB8750009A1D21 /* SignUpOptionViewController.swift */,
			);
			name = Authentication;
			sourceTree = "<group>";
		};
		1FAB4DEE2B8C2B800054618A /* Capsule */ = {
			isa = PBXGroup;
			children = (
				461D3C2D2BA17CB0009C8B6E /* Mapkit+Annotation */,
				4E4F6CDA2B99C2B500154ED1 /* OpenCapsuleViewController.swift */,
				4E2A09C72B8F755C00911390 /* OpenInteractionViewController.swift */,
				460FE7662B8A200D00AF8086 /* LockedCapsuleCell.swift */,
				4E2A09C92B8F86C600911390 /* FadeInAnimator.swift */,
				1F52DE1C2B972C9000EE2E1E /* CustomModal.swift */,
				46EA9BAD2B89A27E00633EC4 /* CapsuleMapViewController.swift */,
			);
			name = Capsule;
			sourceTree = "<group>";
		};
		1FBDDF752BA1D8B000FCDE5A /* Modal */ = {
			isa = PBXGroup;
			children = (
				1F2450232B9BF0A4002C68BB /* DatePickerModalViewController.swift */,
			);
			path = Modal;
			sourceTree = "<group>";
		};
		1FBDDF762BA1D90200FCDE5A /* Location */ = {
			isa = PBXGroup;
			children = (
				1FE313AE2B9810CA00E02045 /* LocationHistoryModel.swift */,
				1FD2B7B62B96C04B00896F9C /* HorizontalSearchModel.swift */,
				1FD2B7B72B96C04B00896F9C /* CarouselButtonModel.swift */,
				1FD2B7B82B96C04B00896F9C /* CustomPresentationDetentsModel.swift */,
				1FD2B7B92B96C04B00896F9C /* HorizontalSearchTypeModel.swift */,
			);
			path = Location;
			sourceTree = "<group>";
		};
		1FC44F082B90C882002A75AF /* Pretendard */ = {
			isa = PBXGroup;
			children = (
				1FC44EFE2B90C87E002A75AF /* Pretendard-Regular.otf */,
				1FC44F002B90C87E002A75AF /* Pretendard-SemiBold.otf */,
				1F1071B42B95CC41009E201A /* Pretendard-Black.otf */,
				1F1071B62B95CC4A009E201A /* Pretendard-Medium.otf */,
				1F1071B82B95CC67009E201A /* Pretendard-Bold.otf */,
			);
			path = Pretendard;
			sourceTree = "<group>";
		};
		1FC44F092B90C8CE002A75AF /* ProximaNova */ = {
			isa = PBXGroup;
			children = (
				1FC44EF02B90C490002A75AF /* ProximaNova-Black.ttf */,
				1FC44EF32B90C491002A75AF /* ProximaNova-Bold.ttf */,
				1FC44EF42B90C491002A75AF /* ProximaNova-Extrabld.ttf */,
				1FC44EEF2B90C490002A75AF /* ProximaNova-Light.ttf */,
				1FC44EF22B90C491002A75AF /* ProximaNova-Regular.ttf */,
				1FC44EEE2B90C490002A75AF /* ProximaNova-Semibold.ttf */,
				1FC44EF12B90C490002A75AF /* ProximaNovaT-Thin.ttf */,
			);
			path = ProximaNova;
			sourceTree = "<group>";
		};
		1FC44F0A2B932E9F002A75AF /* Upload */ = {
			isa = PBXGroup;
			children = (
				1FE768342BA9842400CC4A55 /* Legercy */,
				1F1071BA2B95D3E8009E201A /* MapLocation */,
				1F2450192B9B4F7B002C68BB /* Post */,
			);
			name = Upload;
			sourceTree = "<group>";
		};
		1FC44F0B2B933544002A75AF /* ErrorMessages */ = {
			isa = PBXGroup;
			children = (
				1FC44F0C2B933568002A75AF /* Firebase-ErrorMessages.json */,
			);
			path = ErrorMessages;
			sourceTree = "<group>";
		};
		1FD2B7A72B96BF4A00896F9C /* BottomSheet */ = {
			isa = PBXGroup;
			children = (
				1FD2B7BE2B96E55900896F9C /* BottomSheetViewController.swift */,
				1FD2B7AE2B96BF5C00896F9C /* BottomSheetControllerViewModel.swift */,
			);
			name = BottomSheet;
			sourceTree = "<group>";
		};
		1FE768342BA9842400CC4A55 /* Legercy */ = {
			isa = PBXGroup;
			children = (
				1F0D3B2B2B89AA2B00A31E82 /* PhotoUploadViewController.swift */,
				1F2450172B9B4D74002C68BB /* PostWritingViewController.swift */,
				1F52F8B52B9CD69F00974F0B /* TagFriendListViewController.swift */,
			);
			path = Legercy;
			sourceTree = "<group>";
		};
		1FF868C72B8F4775007B5112 /* Resourses */ = {
			isa = PBXGroup;
			children = (
				1FF868DB2B8F4A51007B5112 /* Font */,
				1FC44F0B2B933544002A75AF /* ErrorMessages */,
				1F5786FA2B84D26000C40B08 /* Legercy */,
			);
			name = Resourses;
			sourceTree = "<group>";
		};
		1FF868DB2B8F4A51007B5112 /* Font */ = {
			isa = PBXGroup;
			children = (
				1FC44F092B90C8CE002A75AF /* ProximaNova */,
				1FC44F082B90C882002A75AF /* Pretendard */,
			);
			path = Font;
			sourceTree = "<group>";
		};
		1FF869182B8F4D3E007B5112 /* Utilities */ = {
			isa = PBXGroup;
			children = (
				1F2450202B9B82DD002C68BB /* Modal */,
				1FF869192B8F4D59007B5112 /* Extensions */,
			);
			path = Utilities;
			sourceTree = "<group>";
		};
		1FF869192B8F4D59007B5112 /* Extensions */ = {
			isa = PBXGroup;
			children = (
				1F53E5082BA20A74004141C7 /* SwiftUI */,
				1F16B82B2BA9AC1700753F82 /* CapsuleMapVC+Extensions.swift */,
				1FD2B7A22B96BEFE00896F9C /* UIStackView+Extensions.swift */,
				1F8EA39D2B9538DD004856B7 /* UIFont+CustomFont.swift */,
				1FF8691A2B8F4D81007B5112 /* UIButton+Gradient.swift */,
				1F8EA3992B944054004856B7 /* UIViewController+Debugging.swift */,
				1FAACDE02B8FAA520005B993 /* UIImage+RoundImage.swift */,
				1FA11BF12B8F8C440014002F /* UITextField+Padding.swift */,
				1F0B91072B9026020022EDD9 /* UIImageView+RoundImage.swift */,
				1F367EA52B8F803A00563908 /* UIColor+Hex.swift */,
				1FD2B7A12B96BEFE00896F9C /* NotificationName+Extension.swift */,
			);
			path = Extensions;
			sourceTree = "<group>";
		};
		25AD7CDE47BA0E85739F3959 /* Pods */ = {
			isa = PBXGroup;
			children = (
				04EFA52A53A71177B62D1D49 /* Pods-dxTimeCapsule.debug.xcconfig */,
				7859F2A46260E2CB7C998936 /* Pods-dxTimeCapsule.release.xcconfig */,
			);
			path = Pods;
			sourceTree = "<group>";
		};
		27C81E412B8A39E9001E3623 /* HomeView */ = {
			isa = PBXGroup;
			children = (
				27D241B12B8F33A5000F8F16 /* OpenedTCViewController.swift */,
				1FB387382B8863DE00054816 /* HomeViewController.swift */,
				27FC12882B9A64B1008CBEB8 /* TimeCapsuleCell.swift */,
				27FC128A2B9A64E5008CBEB8 /* UpcomingTCViewController.swift */,
				27FD43CB2B9CD8E900D83B27 /* NewUserViewController.swift */,
			);
			name = HomeView;
			sourceTree = "<group>";
		};
		27F382802B8FA1350005F733 /* NotificationView */ = {
			isa = PBXGroup;
			children = (
				27F3827E2B8FA1240005F733 /* NotificationTableViewCell.swift */,
				27865AD32B8DFCA900DB8DB6 /* NotificationViewController.swift */,
				1F52F8B82B9CDADC00974F0B /* TagFriendListTableCell.swift */,
			);
			name = NotificationView;
			sourceTree = "<group>";
		};
		461D3C2D2BA17CB0009C8B6E /* Mapkit+Annotation */ = {
			isa = PBXGroup;
			children = (
				1FB3F4E82BAB04C10019416B /* MessageModalViewController.swift */,
				1F0854312B8F254B00711660 /* MainCapsuleViewController.swift */,
				1F16B8282BA9ABE200753F82 /* FriendCollectionViewCell.swift */,
				1F16B8272BA9ABE200753F82 /* TimeBoxAnnotation.swift */,
			);
			path = "Mapkit+Annotation";
			sourceTree = "<group>";
		};
		527B6C3903D561045CAE89FD /* Frameworks */ = {
			isa = PBXGroup;
			children = (
				29B7158E13240DE5CE715E16 /* Pods_dxTimeCapsule.framework */,
			);
			name = Frameworks;
			sourceTree = "<group>";
		};
		D20CDCCB2B95979900B93788 /* Alarm */ = {
			isa = PBXGroup;
			children = (
				D20CDCCC2B959DFE00B93788 /* FriendsRequestViewController.swift */,
				D20CDCCE2B96D86100B93788 /* FriendRequestTableViewCell.swift */,
				D274E0152B9C243900FAF849 /* TagFriendListTableViewCell.swift */,
				D274E01D2B9CC69000FAF849 /* FriendsListViewController.swift */,
				D274E01F2B9CD36500FAF849 /* CapsuleTableViewCell.swift */,
			);
			name = Alarm;
			sourceTree = "<group>";
		};
/* End PBXGroup section */

/* Begin PBXNativeTarget section */
		1F5786D42B849AF800C40B08 /* dxTimeCapsule */ = {
			isa = PBXNativeTarget;
			buildConfigurationList = 1F5786EC2B849AFA00C40B08 /* Build configuration list for PBXNativeTarget "dxTimeCapsule" */;
			buildPhases = (
				9E1A39A5B51CB1E0F00F13FB /* [CP] Check Pods Manifest.lock */,
				1F5786D12B849AF800C40B08 /* Sources */,
				1F5786D22B849AF800C40B08 /* Frameworks */,
				1F5786D32B849AF800C40B08 /* Resources */,
				0AA473DB07D3387FD49FCFDC /* [CP] Embed Pods Frameworks */,
			);
			buildRules = (
			);
			dependencies = (
			);
			name = dxTimeCapsule;
			packageProductDependencies = (
				1F53E5122BA2C35B004141C7 /* SwiftfulLoadingIndicators */,
				1FB791F72BA758F10069563D /* SDWebImage */,
				1FB791F92BA758F10069563D /* SDWebImageMapKit */,
				1FB791FC2BA759060069563D /* FirebaseAnalytics */,
				1FB791FE2BA759060069563D /* FirebaseAnalyticsOnDeviceConversion */,
				1FB792002BA759060069563D /* FirebaseAnalyticsSwift */,
				1FB792022BA759060069563D /* FirebaseAnalyticsWithoutAdIdSupport */,
				1FB792042BA759060069563D /* FirebaseAppCheck */,
				1FB792062BA759060069563D /* FirebaseAppDistribution-Beta */,
				1FB792082BA759060069563D /* FirebaseAuth */,
				1FB7920A2BA759060069563D /* FirebaseAuthCombine-Community */,
				1FB7920C2BA759060069563D /* FirebaseCrashlytics */,
				1FB7920E2BA759060069563D /* FirebaseDatabase */,
				1FB792102BA759060069563D /* FirebaseDatabaseSwift */,
				1FB792122BA759060069563D /* FirebaseDynamicLinks */,
				1FB792142BA759200069563D /* FirebaseFirestore */,
				1FB792162BA759200069563D /* FirebaseFirestoreCombine-Community */,
				1FB792182BA759200069563D /* FirebaseFirestoreSwift */,
				1FB7921A2BA759200069563D /* FirebaseFunctions */,
				1FB7921C2BA759200069563D /* FirebaseFunctionsCombine-Community */,
				1FB7921E2BA759200069563D /* FirebaseInAppMessaging-Beta */,
				1FB792202BA759200069563D /* FirebaseInAppMessagingSwift-Beta */,
				1FB792222BA759200069563D /* FirebaseInstallations */,
				1FB792242BA759200069563D /* FirebaseMLModelDownloader */,
				1FB792262BA759200069563D /* FirebaseMessaging */,
				1FB792282BA759200069563D /* FirebasePerformance */,
				1FB7922A2BA759200069563D /* FirebaseRemoteConfig */,
				1FB7922C2BA759200069563D /* FirebaseRemoteConfigSwift */,
				1FB7922E2BA759200069563D /* FirebaseStorage */,
				1FB792302BA759200069563D /* FirebaseStorageCombine-Community */,
				1FB792332BA759310069563D /* GoogleSignIn */,
				1FB792352BA759310069563D /* GoogleSignInSwift */,
				1FB792382BA76C470069563D /* Kingfisher */,
			);
			productName = dxTimeCapsule;
			productReference = 1F5786D52B849AF800C40B08 /* dxTimeCapsule.app */;
			productType = "com.apple.product-type.application";
		};
/* End PBXNativeTarget section */

/* Begin PBXProject section */
		1F5786CD2B849AF800C40B08 /* Project object */ = {
			isa = PBXProject;
			attributes = {
				BuildIndependentTargetsInParallel = 1;
				LastSwiftUpdateCheck = 1520;
				LastUpgradeCheck = 1520;
				TargetAttributes = {
					1F5786D42B849AF800C40B08 = {
						CreatedOnToolsVersion = 15.2;
					};
				};
			};
			buildConfigurationList = 1F5786D02B849AF800C40B08 /* Build configuration list for PBXProject "dxTimeCapsule" */;
			compatibilityVersion = "Xcode 15.0";
			developmentRegion = en;
			hasScannedForEncodings = 0;
			knownRegions = (
				en,
				Base,
			);
			mainGroup = 1F5786CC2B849AF800C40B08;
			packageReferences = (
				1FF273052B983E3C00C1526A /* XCRemoteSwiftPackageReference "SwiftfulLoadingIndicators" */,
				1FB791F62BA758F10069563D /* XCRemoteSwiftPackageReference "SDWebImage" */,
				1FB791FB2BA759060069563D /* XCRemoteSwiftPackageReference "firebase-ios-sdk" */,
				1FB792322BA759310069563D /* XCRemoteSwiftPackageReference "GoogleSignIn-iOS" */,
				1FB792372BA76C470069563D /* XCRemoteSwiftPackageReference "Kingfisher" */,
			);
			productRefGroup = 1F5786D62B849AF800C40B08 /* Products */;
			projectDirPath = "";
			projectRoot = "";
			targets = (
				1F5786D42B849AF800C40B08 /* dxTimeCapsule */,
			);
		};
/* End PBXProject section */

/* Begin PBXResourcesBuildPhase section */
		1F5786D32B849AF800C40B08 /* Resources */ = {
			isa = PBXResourcesBuildPhase;
			buildActionMask = 2147483647;
			files = (
				1FC44EF62B90C491002A75AF /* ProximaNova-Light.ttf in Resources */,
				1F1071B92B95CC67009E201A /* Pretendard-Bold.otf in Resources */,
				1FC44EF52B90C491002A75AF /* ProximaNova-Semibold.ttf in Resources */,
				1F5786E82B849AFA00C40B08 /* LaunchScreen.storyboard in Resources */,
				1FC44F052B90C87F002A75AF /* Pretendard-SemiBold.otf in Resources */,
				1FC44EFB2B90C491002A75AF /* ProximaNova-Extrabld.ttf in Resources */,
				1F1071B52B95CC41009E201A /* Pretendard-Black.otf in Resources */,
				1FC44EDD2B90C0B3002A75AF /* GoogleService-Info.plist in Resources */,
				1F1071B72B95CC4A009E201A /* Pretendard-Medium.otf in Resources */,
				1FC44EFA2B90C491002A75AF /* ProximaNova-Bold.ttf in Resources */,
				1FC44EF82B90C491002A75AF /* ProximaNovaT-Thin.ttf in Resources */,
				1F5786E52B849AFA00C40B08 /* Assets.xcassets in Resources */,
				1FC44F042B90C87F002A75AF /* Pretendard-Regular.otf in Resources */,
				1FC44EF92B90C491002A75AF /* ProximaNova-Regular.ttf in Resources */,
				1FC44EF72B90C491002A75AF /* ProximaNova-Black.ttf in Resources */,
			);
			runOnlyForDeploymentPostprocessing = 0;
		};
/* End PBXResourcesBuildPhase section */

/* Begin PBXShellScriptBuildPhase section */
		0AA473DB07D3387FD49FCFDC /* [CP] Embed Pods Frameworks */ = {
			isa = PBXShellScriptBuildPhase;
			buildActionMask = 2147483647;
			files = (
			);
			inputFileListPaths = (
				"${PODS_ROOT}/Target Support Files/Pods-dxTimeCapsule/Pods-dxTimeCapsule-frameworks-${CONFIGURATION}-input-files.xcfilelist",
			);
			name = "[CP] Embed Pods Frameworks";
			outputFileListPaths = (
				"${PODS_ROOT}/Target Support Files/Pods-dxTimeCapsule/Pods-dxTimeCapsule-frameworks-${CONFIGURATION}-output-files.xcfilelist",
			);
			runOnlyForDeploymentPostprocessing = 0;
			shellPath = /bin/sh;
			shellScript = "\"${PODS_ROOT}/Target Support Files/Pods-dxTimeCapsule/Pods-dxTimeCapsule-frameworks.sh\"\n";
			showEnvVarsInLog = 0;
		};
		9E1A39A5B51CB1E0F00F13FB /* [CP] Check Pods Manifest.lock */ = {
			isa = PBXShellScriptBuildPhase;
			buildActionMask = 2147483647;
			files = (
			);
			inputFileListPaths = (
			);
			inputPaths = (
				"${PODS_PODFILE_DIR_PATH}/Podfile.lock",
				"${PODS_ROOT}/Manifest.lock",
			);
			name = "[CP] Check Pods Manifest.lock";
			outputFileListPaths = (
			);
			outputPaths = (
				"$(DERIVED_FILE_DIR)/Pods-dxTimeCapsule-checkManifestLockResult.txt",
			);
			runOnlyForDeploymentPostprocessing = 0;
			shellPath = /bin/sh;
			shellScript = "diff \"${PODS_PODFILE_DIR_PATH}/Podfile.lock\" \"${PODS_ROOT}/Manifest.lock\" > /dev/null\nif [ $? != 0 ] ; then\n    # print error to STDERR\n    echo \"error: The sandbox is not in sync with the Podfile.lock. Run 'pod install' or update your CocoaPods installation.\" >&2\n    exit 1\nfi\n# This output is used by Xcode 'outputs' to avoid re-running this script phase.\necho \"SUCCESS\" > \"${SCRIPT_OUTPUT_FILE_0}\"\n";
			showEnvVarsInLog = 0;
		};
/* End PBXShellScriptBuildPhase section */

/* Begin PBXSourcesBuildPhase section */
		1F5786D12B849AF800C40B08 /* Sources */ = {
			isa = PBXSourcesBuildPhase;
			buildActionMask = 2147483647;
			files = (
				1FB3F4E92BAB04C10019416B /* MessageModalViewController.swift in Sources */,
				FFC457642B8F0F36000761E9 /* UserProfileViewModel.swift in Sources */,
				1F52F8B92B9CDADC00974F0B /* TagFriendListTableCell.swift in Sources */,
				FFC457662B8F0F74000761E9 /* UserProfileViewController.swift in Sources */,
				D20CDCCA2B957D5D00B93788 /* SearchUserTableViewController.swift in Sources */,
				1FD2B7A52B96BEFE00896F9C /* UIStackView+Extensions.swift in Sources */,
				27FD43CC2B9CD8EA00D83B27 /* NewUserViewController.swift in Sources */,
				46EA9BAE2B89A27E00633EC4 /* CapsuleMapViewController.swift in Sources */,
				D274E01E2B9CC69000FAF849 /* FriendsListViewController.swift in Sources */,
				1F0854322B8F254B00711660 /* MainCapsuleViewController.swift in Sources */,
				1F6426D92BA9A2FE000E463E /* TermsTableViewCell.swift in Sources */,
				1F16B82C2BA9AC1700753F82 /* CapsuleMapVC+Extensions.swift in Sources */,
				1F16B8242BA9A33A00753F82 /* TermsViewController.swift in Sources */,
				1FBDDF792BA1DA3F00FCDE5A /* PostUploadView.swift in Sources */,
				D274E0162B9C243900FAF849 /* TagFriendListTableViewCell.swift in Sources */,
				1FEE07A32BA8141700B7BDB2 /* FirestoreDataService.swift in Sources */,
				460FE7672B8A200D00AF8086 /* LockedCapsuleCell.swift in Sources */,
				4E4F6CDB2B99C2B500154ED1 /* OpenCapsuleViewController.swift in Sources */,
				4E2A09CA2B8F86C600911390 /* FadeInAnimator.swift in Sources */,
				1F5786D92B849AF800C40B08 /* AppDelegate.swift in Sources */,
				1F8EA39E2B9538DD004856B7 /* UIFont+CustomFont.swift in Sources */,
				1FB387352B87A0B300054816 /* SignUpViewController.swift in Sources */,
				1F367EA62B8F803A00563908 /* UIColor+Hex.swift in Sources */,
				4EC308DE2B8A200300EEE54C /* MainCapsuleViewModel.swift in Sources */,
				1F8EA39A2B944054004856B7 /* UIViewController+Debugging.swift in Sources */,
				1FA11BF22B8F8C440014002F /* UITextField+Padding.swift in Sources */,
				27D241B22B8F33A5000F8F16 /* OpenedTCViewController.swift in Sources */,
				1F0B91392B9089BB0022EDD9 /* MainTabBarView.swift in Sources */,
				1FAB4DF82B8C49590054618A /* User.swift in Sources */,
				1F16B8262BA9A46500753F82 /* AuthService.swift in Sources */,
				1FD2B7BA2B96C04B00896F9C /* HorizontalSearchModel.swift in Sources */,
				1FD2B7BD2B96C04B00896F9C /* HorizontalSearchTypeModel.swift in Sources */,
				1FD2B7BB2B96C04B00896F9C /* CarouselButtonModel.swift in Sources */,
				27FC12892B9A64B1008CBEB8 /* TimeCapsuleCell.swift in Sources */,
				1FD2B79C2B96BD7300896F9C /* LocationMapkitViewController.swift in Sources */,
				1F53E50A2BA20A8C004141C7 /* Button+Custom.swift in Sources */,
				1FAB4DF62B8C48AF0054618A /* FriendsViewModel.swift in Sources */,
				27EA9A922BAB8750009A1D21 /* SignUpOptionViewController.swift in Sources */,
				1FAACDE12B8FAA520005B993 /* UIImage+RoundImage.swift in Sources */,
				1F16B82A2BA9ABE200753F82 /* FriendCollectionViewCell.swift in Sources */,
				1F53E5112BA27D5D004141C7 /* UploadPostViewModel.swift in Sources */,
				1F5787132B86DBF900C40B08 /* LoginViewController.swift in Sources */,
				1FB387402B8881DB00054816 /* TimeBox.swift in Sources */,
				1FB387392B8863DE00054816 /* HomeViewController.swift in Sources */,
				D22B171F2B973416006CAEA6 /* SceneDelegate.swift in Sources */,
				1F0B91082B9026020022EDD9 /* UIImageView+RoundImage.swift in Sources */,
				1FE313B12B98114700E02045 /* LocationHistoryViewModel.swift in Sources */,
				27966F092BA06A41009EC5F3 /* HomeViewControllerModel.swift in Sources */,
				1FF8691B2B8F4D81007B5112 /* UIButton+Gradient.swift in Sources */,
				D20CDCCD2B959DFE00B93788 /* FriendsRequestViewController.swift in Sources */,
				D20CDCCF2B96D86100B93788 /* FriendRequestTableViewCell.swift in Sources */,
				1F52DE1D2B972C9000EE2E1E /* CustomModal.swift in Sources */,
				1F24501F2B9B82D3002C68BB /* HalfModalPresentationController.swift in Sources */,
				1F53E50D2BA222A2004141C7 /* FriendsPickerView.swift in Sources */,
				1F52F8B62B9CD69F00974F0B /* TagFriendListViewController.swift in Sources */,
				1F5786F22B849CA900C40B08 /* AuthenticationViewModel.swift in Sources */,
				1F16B8292BA9ABE200753F82 /* TimeBoxAnnotation.swift in Sources */,
				1F2450242B9BF0A4002C68BB /* DatePickerModalViewController.swift in Sources */,
				1F9DA7B12B8C93BD00A74D84 /* SearchUserTableViewCell.swift in Sources */,
				D274E0202B9CD36500FAF849 /* CapsuleTableViewCell.swift in Sources */,
				27FC128B2B9A64E5008CBEB8 /* UpcomingTCViewController.swift in Sources */,
				1FBDDF7C2BA1DCDB00FCDE5A /* PhotoPicker.swift in Sources */,
				1F0854152B8EF4F400711660 /* TestLoginViewController.swift in Sources */,
				4E2A09C82B8F755C00911390 /* OpenInteractionViewController.swift in Sources */,
				1FD2B7A42B96BEFE00896F9C /* NotificationName+Extension.swift in Sources */,
				1FD2B7B42B96BF5C00896F9C /* BottomSheetControllerViewModel.swift in Sources */,
				1FD2B7BF2B96E55900896F9C /* BottomSheetViewController.swift in Sources */,
				1FB3873E2B88791A00054816 /* TimeCapsuleCreationViewModel.swift in Sources */,
				27865AD42B8DFCA900DB8DB6 /* NotificationViewController.swift in Sources */,
				1F24501B2B9B4F85002C68BB /* PhotoCell.swift in Sources */,
				1F53E5162BA2F73A004141C7 /* Color+Extensions.swift in Sources */,
				1F9DA7AF2B8C922800A74D84 /* SearchUserViewController.swift in Sources */,
				1FE313AF2B9810CA00E02045 /* LocationHistoryModel.swift in Sources */,
				1F0B91062B901D170022EDD9 /* Etc.swift in Sources */,
				D25B20EB2B89CD02006CEED8 /* SplashViewController.swift in Sources */,
				1F0D3B2C2B89AA2B00A31E82 /* PhotoUploadViewController.swift in Sources */,
				1FD2B7BC2B96C04B00896F9C /* CustomPresentationDetentsModel.swift in Sources */,
				27F3827F2B8FA1240005F733 /* NotificationTableViewCell.swift in Sources */,
				1F2450182B9B4D74002C68BB /* PostWritingViewController.swift in Sources */,
			);
			runOnlyForDeploymentPostprocessing = 0;
		};
/* End PBXSourcesBuildPhase section */

/* Begin PBXVariantGroup section */
		1F5786E62B849AFA00C40B08 /* LaunchScreen.storyboard */ = {
			isa = PBXVariantGroup;
			children = (
				1F5786E72B849AFA00C40B08 /* Base */,
			);
			name = LaunchScreen.storyboard;
			sourceTree = "<group>";
		};
/* End PBXVariantGroup section */

/* Begin XCBuildConfiguration section */
		1F5786EA2B849AFA00C40B08 /* Debug */ = {
			isa = XCBuildConfiguration;
			buildSettings = {
				ALWAYS_SEARCH_USER_PATHS = NO;
				ASSETCATALOG_COMPILER_GENERATE_SWIFT_ASSET_SYMBOL_EXTENSIONS = YES;
				CLANG_ANALYZER_NONNULL = YES;
				CLANG_ANALYZER_NUMBER_OBJECT_CONVERSION = YES_AGGRESSIVE;
				CLANG_CXX_LANGUAGE_STANDARD = "gnu++20";
				CLANG_ENABLE_MODULES = YES;
				CLANG_ENABLE_OBJC_ARC = YES;
				CLANG_ENABLE_OBJC_WEAK = YES;
				CLANG_WARN_BLOCK_CAPTURE_AUTORELEASING = YES;
				CLANG_WARN_BOOL_CONVERSION = YES;
				CLANG_WARN_COMMA = YES;
				CLANG_WARN_CONSTANT_CONVERSION = YES;
				CLANG_WARN_DEPRECATED_OBJC_IMPLEMENTATIONS = YES;
				CLANG_WARN_DIRECT_OBJC_ISA_USAGE = YES_ERROR;
				CLANG_WARN_DOCUMENTATION_COMMENTS = YES;
				CLANG_WARN_EMPTY_BODY = YES;
				CLANG_WARN_ENUM_CONVERSION = YES;
				CLANG_WARN_INFINITE_RECURSION = YES;
				CLANG_WARN_INT_CONVERSION = YES;
				CLANG_WARN_NON_LITERAL_NULL_CONVERSION = YES;
				CLANG_WARN_OBJC_IMPLICIT_RETAIN_SELF = YES;
				CLANG_WARN_OBJC_LITERAL_CONVERSION = YES;
				CLANG_WARN_OBJC_ROOT_CLASS = YES_ERROR;
				CLANG_WARN_QUOTED_INCLUDE_IN_FRAMEWORK_HEADER = YES;
				CLANG_WARN_RANGE_LOOP_ANALYSIS = YES;
				CLANG_WARN_STRICT_PROTOTYPES = YES;
				CLANG_WARN_SUSPICIOUS_MOVE = YES;
				CLANG_WARN_UNGUARDED_AVAILABILITY = YES_AGGRESSIVE;
				CLANG_WARN_UNREACHABLE_CODE = YES;
				CLANG_WARN__DUPLICATE_METHOD_MATCH = YES;
				COPY_PHASE_STRIP = NO;
				DEBUG_INFORMATION_FORMAT = dwarf;
				ENABLE_STRICT_OBJC_MSGSEND = YES;
				ENABLE_TESTABILITY = YES;
				ENABLE_USER_SCRIPT_SANDBOXING = YES;
				GCC_C_LANGUAGE_STANDARD = gnu17;
				GCC_DYNAMIC_NO_PIC = NO;
				GCC_NO_COMMON_BLOCKS = YES;
				GCC_OPTIMIZATION_LEVEL = 0;
				GCC_PREPROCESSOR_DEFINITIONS = (
					"DEBUG=1",
					"$(inherited)",
				);
				GCC_WARN_64_TO_32_BIT_CONVERSION = YES;
				GCC_WARN_ABOUT_RETURN_TYPE = YES_ERROR;
				GCC_WARN_UNDECLARED_SELECTOR = YES;
				GCC_WARN_UNINITIALIZED_AUTOS = YES_AGGRESSIVE;
				GCC_WARN_UNUSED_FUNCTION = YES;
				GCC_WARN_UNUSED_VARIABLE = YES;
				IPHONEOS_DEPLOYMENT_TARGET = 16.0;
				LOCALIZATION_PREFERS_STRING_CATALOGS = YES;
				MTL_ENABLE_DEBUG_INFO = INCLUDE_SOURCE;
				MTL_FAST_MATH = YES;
				ONLY_ACTIVE_ARCH = YES;
				SDKROOT = iphoneos;
				SWIFT_ACTIVE_COMPILATION_CONDITIONS = "DEBUG $(inherited)";
				SWIFT_OPTIMIZATION_LEVEL = "-Onone";
			};
			name = Debug;
		};
		1F5786EB2B849AFA00C40B08 /* Release */ = {
			isa = XCBuildConfiguration;
			buildSettings = {
				ALWAYS_SEARCH_USER_PATHS = NO;
				ASSETCATALOG_COMPILER_GENERATE_SWIFT_ASSET_SYMBOL_EXTENSIONS = YES;
				CLANG_ANALYZER_NONNULL = YES;
				CLANG_ANALYZER_NUMBER_OBJECT_CONVERSION = YES_AGGRESSIVE;
				CLANG_CXX_LANGUAGE_STANDARD = "gnu++20";
				CLANG_ENABLE_MODULES = YES;
				CLANG_ENABLE_OBJC_ARC = YES;
				CLANG_ENABLE_OBJC_WEAK = YES;
				CLANG_WARN_BLOCK_CAPTURE_AUTORELEASING = YES;
				CLANG_WARN_BOOL_CONVERSION = YES;
				CLANG_WARN_COMMA = YES;
				CLANG_WARN_CONSTANT_CONVERSION = YES;
				CLANG_WARN_DEPRECATED_OBJC_IMPLEMENTATIONS = YES;
				CLANG_WARN_DIRECT_OBJC_ISA_USAGE = YES_ERROR;
				CLANG_WARN_DOCUMENTATION_COMMENTS = YES;
				CLANG_WARN_EMPTY_BODY = YES;
				CLANG_WARN_ENUM_CONVERSION = YES;
				CLANG_WARN_INFINITE_RECURSION = YES;
				CLANG_WARN_INT_CONVERSION = YES;
				CLANG_WARN_NON_LITERAL_NULL_CONVERSION = YES;
				CLANG_WARN_OBJC_IMPLICIT_RETAIN_SELF = YES;
				CLANG_WARN_OBJC_LITERAL_CONVERSION = YES;
				CLANG_WARN_OBJC_ROOT_CLASS = YES_ERROR;
				CLANG_WARN_QUOTED_INCLUDE_IN_FRAMEWORK_HEADER = YES;
				CLANG_WARN_RANGE_LOOP_ANALYSIS = YES;
				CLANG_WARN_STRICT_PROTOTYPES = YES;
				CLANG_WARN_SUSPICIOUS_MOVE = YES;
				CLANG_WARN_UNGUARDED_AVAILABILITY = YES_AGGRESSIVE;
				CLANG_WARN_UNREACHABLE_CODE = YES;
				CLANG_WARN__DUPLICATE_METHOD_MATCH = YES;
				COPY_PHASE_STRIP = NO;
				DEBUG_INFORMATION_FORMAT = "dwarf-with-dsym";
				ENABLE_NS_ASSERTIONS = NO;
				ENABLE_STRICT_OBJC_MSGSEND = YES;
				ENABLE_USER_SCRIPT_SANDBOXING = YES;
				GCC_C_LANGUAGE_STANDARD = gnu17;
				GCC_NO_COMMON_BLOCKS = YES;
				GCC_WARN_64_TO_32_BIT_CONVERSION = YES;
				GCC_WARN_ABOUT_RETURN_TYPE = YES_ERROR;
				GCC_WARN_UNDECLARED_SELECTOR = YES;
				GCC_WARN_UNINITIALIZED_AUTOS = YES_AGGRESSIVE;
				GCC_WARN_UNUSED_FUNCTION = YES;
				GCC_WARN_UNUSED_VARIABLE = YES;
				IPHONEOS_DEPLOYMENT_TARGET = 16.0;
				LOCALIZATION_PREFERS_STRING_CATALOGS = YES;
				MTL_ENABLE_DEBUG_INFO = NO;
				MTL_FAST_MATH = YES;
				SDKROOT = iphoneos;
				SWIFT_COMPILATION_MODE = wholemodule;
				VALIDATE_PRODUCT = YES;
			};
			name = Release;
		};
		1F5786ED2B849AFA00C40B08 /* Debug */ = {
			isa = XCBuildConfiguration;
			baseConfigurationReference = 04EFA52A53A71177B62D1D49 /* Pods-dxTimeCapsule.debug.xcconfig */;
			buildSettings = {
				ASSETCATALOG_COMPILER_APPICON_NAME = AppIcon;
				ASSETCATALOG_COMPILER_GLOBAL_ACCENT_COLOR_NAME = AccentColor;
				ASSETCATALOG_COMPILER_INCLUDE_ALL_APPICON_ASSETS = YES;
				CODE_SIGN_IDENTITY = "Apple Development";
				"CODE_SIGN_IDENTITY[sdk=iphoneos*]" = "iPhone Developer";
				CODE_SIGN_STYLE = Manual;
				CURRENT_PROJECT_VERSION = 1;
				DEVELOPMENT_TEAM = "";
				"DEVELOPMENT_TEAM[sdk=iphoneos*]" = YC9K89WX99;
				ENABLE_USER_SCRIPT_SANDBOXING = NO;
				GENERATE_INFOPLIST_FILE = YES;
				INFOPLIST_FILE = dxTimeCapsule/Info.plist;
				INFOPLIST_KEY_CFBundleDisplayName = Memorium;
				INFOPLIST_KEY_LSApplicationCategoryType = "public.app-category.social-networking";
				INFOPLIST_KEY_NSCameraUsageDescription = "Memorium’에서는 사용자가 새로운 추억을 즉시 촬영하고 앱 내에 저장할 수 있도록 카메라 접근 권한을 요청합니다. 이를 통해 사용자는 소중한 순간을 바로 앱에 기록할 수 있습니다";
				INFOPLIST_KEY_NSLocationWhenInUseUsageDescription = "현재 위치를 가져오기위해 필요한 권한입니다.";
				INFOPLIST_KEY_NSPhotoLibraryUsageDescription = "Memorium’에서는 사용자의 위치 기반 추억을 저장하고 관리하기 위해 사진 라이브러리 접근 권한이 필요합니다. 예를 들어, 귀하가 방문한 장소의 사진을 앱에 업로드하여 특별한 순간을 기록할 수 있습니다.";
				INFOPLIST_KEY_UIApplicationSupportsIndirectInputEvents = YES;
				INFOPLIST_KEY_UILaunchStoryboardName = LaunchScreen;
				INFOPLIST_KEY_UISupportedInterfaceOrientations = UIInterfaceOrientationPortrait;
				IPHONEOS_DEPLOYMENT_TARGET = 16.0;
				LD_RUNPATH_SEARCH_PATHS = (
					"$(inherited)",
					"@executable_path/Frameworks",
				);
				MARKETING_VERSION = 2.0;
				OTHER_LIBTOOLFLAGS = "\"-XCBuildForPre true\" \"-WLinkingC true\" \"-XCExpApple true\"";
				PRODUCT_BUNDLE_IDENTIFIER = com.dxTeam.dxTimeCapsule;
				PRODUCT_NAME = "$(TARGET_NAME)";
				PROVISIONING_PROFILE_SPECIFIER = "";
				"PROVISIONING_PROFILE_SPECIFIER[sdk=iphoneos*]" = Memorium_dev;
				SUPPORTED_PLATFORMS = "iphoneos iphonesimulator";
				SUPPORTS_MACCATALYST = NO;
				SUPPORTS_MAC_DESIGNED_FOR_IPHONE_IPAD = NO;
				SUPPORTS_XR_DESIGNED_FOR_IPHONE_IPAD = NO;
				SWIFT_EMIT_LOC_STRINGS = YES;
				SWIFT_VERSION = 5.0;
				TARGETED_DEVICE_FAMILY = 1;
			};
			name = Debug;
		};
		1F5786EE2B849AFA00C40B08 /* Release */ = {
			isa = XCBuildConfiguration;
			baseConfigurationReference = 7859F2A46260E2CB7C998936 /* Pods-dxTimeCapsule.release.xcconfig */;
			buildSettings = {
				ASSETCATALOG_COMPILER_APPICON_NAME = AppIcon;
				ASSETCATALOG_COMPILER_GLOBAL_ACCENT_COLOR_NAME = AccentColor;
				ASSETCATALOG_COMPILER_INCLUDE_ALL_APPICON_ASSETS = YES;
				CODE_SIGN_IDENTITY = "Apple Development";
				"CODE_SIGN_IDENTITY[sdk=iphoneos*]" = "iPhone Developer";
				CODE_SIGN_STYLE = Manual;
				CURRENT_PROJECT_VERSION = 1;
				DEVELOPMENT_TEAM = "";
				"DEVELOPMENT_TEAM[sdk=iphoneos*]" = YC9K89WX99;
				ENABLE_USER_SCRIPT_SANDBOXING = NO;
				GENERATE_INFOPLIST_FILE = YES;
				INFOPLIST_FILE = dxTimeCapsule/Info.plist;
				INFOPLIST_KEY_CFBundleDisplayName = Memorium;
				INFOPLIST_KEY_LSApplicationCategoryType = "public.app-category.social-networking";
				INFOPLIST_KEY_NSCameraUsageDescription = "Memorium’에서는 사용자가 새로운 추억을 즉시 촬영하고 앱 내에 저장할 수 있도록 카메라 접근 권한을 요청합니다. 이를 통해 사용자는 소중한 순간을 바로 앱에 기록할 수 있습니다";
				INFOPLIST_KEY_NSLocationWhenInUseUsageDescription = "현재 위치를 가져오기위해 필요한 권한입니다.";
				INFOPLIST_KEY_NSPhotoLibraryUsageDescription = "Memorium’에서는 사용자의 위치 기반 추억을 저장하고 관리하기 위해 사진 라이브러리 접근 권한이 필요합니다. 예를 들어, 귀하가 방문한 장소의 사진을 앱에 업로드하여 특별한 순간을 기록할 수 있습니다.";
				INFOPLIST_KEY_UIApplicationSupportsIndirectInputEvents = YES;
				INFOPLIST_KEY_UILaunchStoryboardName = LaunchScreen;
				INFOPLIST_KEY_UISupportedInterfaceOrientations = UIInterfaceOrientationPortrait;
				IPHONEOS_DEPLOYMENT_TARGET = 16.0;
				LD_RUNPATH_SEARCH_PATHS = (
					"$(inherited)",
					"@executable_path/Frameworks",
				);
				MARKETING_VERSION = 2.0;
				OTHER_LIBTOOLFLAGS = "\"-XCBuildForPre true\" \"-WLinkingC true\" \"-XCExpApple true\"";
				PRODUCT_BUNDLE_IDENTIFIER = com.dxTeam.dxTimeCapsule;
				PRODUCT_NAME = "$(TARGET_NAME)";
				PROVISIONING_PROFILE_SPECIFIER = "";
				"PROVISIONING_PROFILE_SPECIFIER[sdk=iphoneos*]" = Memorium_dev;
				SUPPORTED_PLATFORMS = "iphoneos iphonesimulator";
				SUPPORTS_MACCATALYST = NO;
				SUPPORTS_MAC_DESIGNED_FOR_IPHONE_IPAD = NO;
				SUPPORTS_XR_DESIGNED_FOR_IPHONE_IPAD = NO;
				SWIFT_EMIT_LOC_STRINGS = YES;
				SWIFT_VERSION = 5.0;
				TARGETED_DEVICE_FAMILY = 1;
			};
			name = Release;
		};
/* End XCBuildConfiguration section */

/* Begin XCConfigurationList section */
		1F5786D02B849AF800C40B08 /* Build configuration list for PBXProject "dxTimeCapsule" */ = {
			isa = XCConfigurationList;
			buildConfigurations = (
				1F5786EA2B849AFA00C40B08 /* Debug */,
				1F5786EB2B849AFA00C40B08 /* Release */,
			);
			defaultConfigurationIsVisible = 0;
			defaultConfigurationName = Release;
		};
		1F5786EC2B849AFA00C40B08 /* Build configuration list for PBXNativeTarget "dxTimeCapsule" */ = {
			isa = XCConfigurationList;
			buildConfigurations = (
				1F5786ED2B849AFA00C40B08 /* Debug */,
				1F5786EE2B849AFA00C40B08 /* Release */,
			);
			defaultConfigurationIsVisible = 0;
			defaultConfigurationName = Release;
		};
/* End XCConfigurationList section */

/* Begin XCRemoteSwiftPackageReference section */
		1FB791F62BA758F10069563D /* XCRemoteSwiftPackageReference "SDWebImage" */ = {
			isa = XCRemoteSwiftPackageReference;
			repositoryURL = "https://github.com/SDWebImage/SDWebImage";
			requirement = {
				kind = upToNextMajorVersion;
				minimumVersion = 5.19.0;
			};
		};
		1FB791FB2BA759060069563D /* XCRemoteSwiftPackageReference "firebase-ios-sdk" */ = {
			isa = XCRemoteSwiftPackageReference;
			repositoryURL = "https://github.com/firebase/firebase-ios-sdk";
			requirement = {
				kind = upToNextMajorVersion;
				minimumVersion = 10.22.1;
			};
		};
		1FB792322BA759310069563D /* XCRemoteSwiftPackageReference "GoogleSignIn-iOS" */ = {
			isa = XCRemoteSwiftPackageReference;
			repositoryURL = "https://github.com/google/GoogleSignIn-iOS";
			requirement = {
				kind = upToNextMajorVersion;
				minimumVersion = 7.0.0;
			};
		};
		1FB792372BA76C470069563D /* XCRemoteSwiftPackageReference "Kingfisher" */ = {
			isa = XCRemoteSwiftPackageReference;
			repositoryURL = "https://github.com/onevcat/Kingfisher";
			requirement = {
				kind = upToNextMajorVersion;
				minimumVersion = 7.11.0;
			};
		};
		1FF273052B983E3C00C1526A /* XCRemoteSwiftPackageReference "SwiftfulLoadingIndicators" */ = {
			isa = XCRemoteSwiftPackageReference;
			repositoryURL = "https://github.com/SwiftfulThinking/SwiftfulLoadingIndicators.git";
			requirement = {
				kind = upToNextMajorVersion;
				minimumVersion = 0.0.4;
			};
		};
/* End XCRemoteSwiftPackageReference section */

/* Begin XCSwiftPackageProductDependency section */
		1F53E5122BA2C35B004141C7 /* SwiftfulLoadingIndicators */ = {
			isa = XCSwiftPackageProductDependency;
			package = 1FF273052B983E3C00C1526A /* XCRemoteSwiftPackageReference "SwiftfulLoadingIndicators" */;
			productName = SwiftfulLoadingIndicators;
		};
		1FB791F72BA758F10069563D /* SDWebImage */ = {
			isa = XCSwiftPackageProductDependency;
			package = 1FB791F62BA758F10069563D /* XCRemoteSwiftPackageReference "SDWebImage" */;
			productName = SDWebImage;
		};
		1FB791F92BA758F10069563D /* SDWebImageMapKit */ = {
			isa = XCSwiftPackageProductDependency;
			package = 1FB791F62BA758F10069563D /* XCRemoteSwiftPackageReference "SDWebImage" */;
			productName = SDWebImageMapKit;
		};
		1FB791FC2BA759060069563D /* FirebaseAnalytics */ = {
			isa = XCSwiftPackageProductDependency;
			package = 1FB791FB2BA759060069563D /* XCRemoteSwiftPackageReference "firebase-ios-sdk" */;
			productName = FirebaseAnalytics;
		};
		1FB791FE2BA759060069563D /* FirebaseAnalyticsOnDeviceConversion */ = {
			isa = XCSwiftPackageProductDependency;
			package = 1FB791FB2BA759060069563D /* XCRemoteSwiftPackageReference "firebase-ios-sdk" */;
			productName = FirebaseAnalyticsOnDeviceConversion;
		};
		1FB792002BA759060069563D /* FirebaseAnalyticsSwift */ = {
			isa = XCSwiftPackageProductDependency;
			package = 1FB791FB2BA759060069563D /* XCRemoteSwiftPackageReference "firebase-ios-sdk" */;
			productName = FirebaseAnalyticsSwift;
		};
		1FB792022BA759060069563D /* FirebaseAnalyticsWithoutAdIdSupport */ = {
			isa = XCSwiftPackageProductDependency;
			package = 1FB791FB2BA759060069563D /* XCRemoteSwiftPackageReference "firebase-ios-sdk" */;
			productName = FirebaseAnalyticsWithoutAdIdSupport;
		};
		1FB792042BA759060069563D /* FirebaseAppCheck */ = {
			isa = XCSwiftPackageProductDependency;
			package = 1FB791FB2BA759060069563D /* XCRemoteSwiftPackageReference "firebase-ios-sdk" */;
			productName = FirebaseAppCheck;
		};
		1FB792062BA759060069563D /* FirebaseAppDistribution-Beta */ = {
			isa = XCSwiftPackageProductDependency;
			package = 1FB791FB2BA759060069563D /* XCRemoteSwiftPackageReference "firebase-ios-sdk" */;
			productName = "FirebaseAppDistribution-Beta";
		};
		1FB792082BA759060069563D /* FirebaseAuth */ = {
			isa = XCSwiftPackageProductDependency;
			package = 1FB791FB2BA759060069563D /* XCRemoteSwiftPackageReference "firebase-ios-sdk" */;
			productName = FirebaseAuth;
		};
		1FB7920A2BA759060069563D /* FirebaseAuthCombine-Community */ = {
			isa = XCSwiftPackageProductDependency;
			package = 1FB791FB2BA759060069563D /* XCRemoteSwiftPackageReference "firebase-ios-sdk" */;
			productName = "FirebaseAuthCombine-Community";
		};
		1FB7920C2BA759060069563D /* FirebaseCrashlytics */ = {
			isa = XCSwiftPackageProductDependency;
			package = 1FB791FB2BA759060069563D /* XCRemoteSwiftPackageReference "firebase-ios-sdk" */;
			productName = FirebaseCrashlytics;
		};
		1FB7920E2BA759060069563D /* FirebaseDatabase */ = {
			isa = XCSwiftPackageProductDependency;
			package = 1FB791FB2BA759060069563D /* XCRemoteSwiftPackageReference "firebase-ios-sdk" */;
			productName = FirebaseDatabase;
		};
		1FB792102BA759060069563D /* FirebaseDatabaseSwift */ = {
			isa = XCSwiftPackageProductDependency;
			package = 1FB791FB2BA759060069563D /* XCRemoteSwiftPackageReference "firebase-ios-sdk" */;
			productName = FirebaseDatabaseSwift;
		};
		1FB792122BA759060069563D /* FirebaseDynamicLinks */ = {
			isa = XCSwiftPackageProductDependency;
			package = 1FB791FB2BA759060069563D /* XCRemoteSwiftPackageReference "firebase-ios-sdk" */;
			productName = FirebaseDynamicLinks;
		};
		1FB792142BA759200069563D /* FirebaseFirestore */ = {
			isa = XCSwiftPackageProductDependency;
			package = 1FB791FB2BA759060069563D /* XCRemoteSwiftPackageReference "firebase-ios-sdk" */;
			productName = FirebaseFirestore;
		};
		1FB792162BA759200069563D /* FirebaseFirestoreCombine-Community */ = {
			isa = XCSwiftPackageProductDependency;
			package = 1FB791FB2BA759060069563D /* XCRemoteSwiftPackageReference "firebase-ios-sdk" */;
			productName = "FirebaseFirestoreCombine-Community";
		};
		1FB792182BA759200069563D /* FirebaseFirestoreSwift */ = {
			isa = XCSwiftPackageProductDependency;
			package = 1FB791FB2BA759060069563D /* XCRemoteSwiftPackageReference "firebase-ios-sdk" */;
			productName = FirebaseFirestoreSwift;
		};
		1FB7921A2BA759200069563D /* FirebaseFunctions */ = {
			isa = XCSwiftPackageProductDependency;
			package = 1FB791FB2BA759060069563D /* XCRemoteSwiftPackageReference "firebase-ios-sdk" */;
			productName = FirebaseFunctions;
		};
		1FB7921C2BA759200069563D /* FirebaseFunctionsCombine-Community */ = {
			isa = XCSwiftPackageProductDependency;
			package = 1FB791FB2BA759060069563D /* XCRemoteSwiftPackageReference "firebase-ios-sdk" */;
			productName = "FirebaseFunctionsCombine-Community";
		};
		1FB7921E2BA759200069563D /* FirebaseInAppMessaging-Beta */ = {
			isa = XCSwiftPackageProductDependency;
			package = 1FB791FB2BA759060069563D /* XCRemoteSwiftPackageReference "firebase-ios-sdk" */;
			productName = "FirebaseInAppMessaging-Beta";
		};
		1FB792202BA759200069563D /* FirebaseInAppMessagingSwift-Beta */ = {
			isa = XCSwiftPackageProductDependency;
			package = 1FB791FB2BA759060069563D /* XCRemoteSwiftPackageReference "firebase-ios-sdk" */;
			productName = "FirebaseInAppMessagingSwift-Beta";
		};
		1FB792222BA759200069563D /* FirebaseInstallations */ = {
			isa = XCSwiftPackageProductDependency;
			package = 1FB791FB2BA759060069563D /* XCRemoteSwiftPackageReference "firebase-ios-sdk" */;
			productName = FirebaseInstallations;
		};
		1FB792242BA759200069563D /* FirebaseMLModelDownloader */ = {
			isa = XCSwiftPackageProductDependency;
			package = 1FB791FB2BA759060069563D /* XCRemoteSwiftPackageReference "firebase-ios-sdk" */;
			productName = FirebaseMLModelDownloader;
		};
		1FB792262BA759200069563D /* FirebaseMessaging */ = {
			isa = XCSwiftPackageProductDependency;
			package = 1FB791FB2BA759060069563D /* XCRemoteSwiftPackageReference "firebase-ios-sdk" */;
			productName = FirebaseMessaging;
		};
		1FB792282BA759200069563D /* FirebasePerformance */ = {
			isa = XCSwiftPackageProductDependency;
			package = 1FB791FB2BA759060069563D /* XCRemoteSwiftPackageReference "firebase-ios-sdk" */;
			productName = FirebasePerformance;
		};
		1FB7922A2BA759200069563D /* FirebaseRemoteConfig */ = {
			isa = XCSwiftPackageProductDependency;
			package = 1FB791FB2BA759060069563D /* XCRemoteSwiftPackageReference "firebase-ios-sdk" */;
			productName = FirebaseRemoteConfig;
		};
		1FB7922C2BA759200069563D /* FirebaseRemoteConfigSwift */ = {
			isa = XCSwiftPackageProductDependency;
			package = 1FB791FB2BA759060069563D /* XCRemoteSwiftPackageReference "firebase-ios-sdk" */;
			productName = FirebaseRemoteConfigSwift;
		};
		1FB7922E2BA759200069563D /* FirebaseStorage */ = {
			isa = XCSwiftPackageProductDependency;
			package = 1FB791FB2BA759060069563D /* XCRemoteSwiftPackageReference "firebase-ios-sdk" */;
			productName = FirebaseStorage;
		};
		1FB792302BA759200069563D /* FirebaseStorageCombine-Community */ = {
			isa = XCSwiftPackageProductDependency;
			package = 1FB791FB2BA759060069563D /* XCRemoteSwiftPackageReference "firebase-ios-sdk" */;
			productName = "FirebaseStorageCombine-Community";
		};
		1FB792332BA759310069563D /* GoogleSignIn */ = {
			isa = XCSwiftPackageProductDependency;
			package = 1FB792322BA759310069563D /* XCRemoteSwiftPackageReference "GoogleSignIn-iOS" */;
			productName = GoogleSignIn;
		};
		1FB792352BA759310069563D /* GoogleSignInSwift */ = {
			isa = XCSwiftPackageProductDependency;
			package = 1FB792322BA759310069563D /* XCRemoteSwiftPackageReference "GoogleSignIn-iOS" */;
			productName = GoogleSignInSwift;
		};
		1FB792382BA76C470069563D /* Kingfisher */ = {
			isa = XCSwiftPackageProductDependency;
			package = 1FB792372BA76C470069563D /* XCRemoteSwiftPackageReference "Kingfisher" */;
			productName = Kingfisher;
		};
/* End XCSwiftPackageProductDependency section */
	};
	rootObject = 1F5786CD2B849AF800C40B08 /* Project object */;
}
